{
    "version": "0.5",
    "requires": [
        "mbedtls/3.6.7#22f77b8f8a238f8f519183cc1a6d9a20%1784897548.9733994",
        "cjson/1.7.19#0f1d9770c2c7898029ef69e0df621838%1757507235.3264372",
        "at_c/0.3.9#4b6662afdafa647e4b3c60c5e35abce0%1785234023.5653038"
    ],
    "build_requires": [],
    "python_requires": [],
    "config_requires": []
}