# Generated by pub
# See https://dart.dev/tools/pub/glossary#lockfile
packages:
  _fe_analyzer_shared:
    dependency: transitive
    description:
      name: _fe_analyzer_shared
      sha256: "8d7ff3948166b8ec5da0fbb5962000926b8e02f2ed9b3e51d1738905fbd4c98d"
      url: "https://pub.dev"
    source: hosted
    version: "93.0.0"
  analyzer:
    dependency: transitive
    description:
      name: analyzer
      sha256: de7148ed2fcec579b19f122c1800933dfa028f6d9fd38a152b04b1516cec120b
      url: "https://pub.dev"
    source: hosted
    version: "10.0.1"
  archive:
    dependency: transitive
    description:
      name: archive
      sha256: a96e8b390886ee8abb49b7bd3ac8df6f451c621619f52a26e815fdcf568959ff
      url: "https://pub.dev"
    source: hosted
    version: "4.0.9"
  args:
    dependency: transitive
    description:
      name: args
      sha256: d0481093c50b1da8910eb0bb301626d4d8eb7284aa739614d2b394ee09e3ea04
      url: "https://pub.dev"
    source: hosted
    version: "2.7.0"
  asn1lib:
    dependency: transitive
    description:
      name: asn1lib
      sha256: "9a8f69025044eb466b9b60ef3bc3ac99b4dc6c158ae9c56d25eeccf5bc56d024"
      url: "https://pub.dev"
    source: hosted
    version: "1.6.5"
  async:
    dependency: transitive
    description:
      name: async
      sha256: e2eb0491ba5ddb6177742d2da23904574082139b07c1e33b8503b9f46f3e1a37
      url: "https://pub.dev"
    source: hosted
    version: "2.13.1"
  at_auth:
    dependency: "direct main"
    description:
      name: at_auth
      sha256: "05e1965c275f68ec4b91064ff539e3676a9cbdddd0dbc33f75f69f4fc8738e13"
      url: "https://pub.dev"
    source: hosted
    version: "3.3.0"
  at_base2e15:
    dependency: transitive
    description:
      name: at_base2e15
      sha256: "06ee6ffba9b3439f1c41f9bf0c01f579ce0a8b25f42da8c374ba3a14d721937f"
      url: "https://pub.dev"
    source: hosted
    version: "1.0.0"
  at_chops:
    dependency: transitive
    description:
      name: at_chops
      sha256: e38abf9b245af869bb7545e7b03488bf0bdad8a413a7b110b45795971026e7fc
      url: "https://pub.dev"
    source: hosted
    version: "3.4.1"
  at_cli_commons:
    dependency: transitive
    description:
      name: at_cli_commons
      sha256: "13ce41e016a6e8e16dc4a8baf95fe6919576335e800c7ddb9e36ae72bae3d128"
      url: "https://pub.dev"
    source: hosted
    version: "3.1.1"
  at_client:
    dependency: "direct main"
    description:
      name: at_client
      sha256: "36fc9cea514ad7e12d08268d7295b892a51aa75f7d7e828a311f52063f3b1413"
      url: "https://pub.dev"
    source: hosted
    version: "3.14.0"
  at_client_flutter:
    dependency: "direct main"
    description:
      name: at_client_flutter
      sha256: "63aa8047bc98e025ec8c18d1e06df0343a7903b9723034336a2bacad9755b7f2"
      url: "https://pub.dev"
    source: hosted
    version: "1.1.4"
  at_commons:
    dependency: "direct main"
    description:
      name: at_commons
      sha256: fd878c65d9628f0fbba9e724ead7995412394ae614ff0eac33384235c5494286
      url: "https://pub.dev"
    source: hosted
    version: "5.13.0"
  at_lookup:
    dependency: transitive
    description:
      name: at_lookup
      sha256: "9785cc5adacdfdc287dbc73f656fc3ed3672db13ade0434f9c6b0b2f03dd1f58"
      url: "https://pub.dev"
    source: hosted
    version: "3.6.0"
  at_onboarding_cli:
    dependency: transitive
    description:
      name: at_onboarding_cli
      sha256: "181f65961fcd850aae7523ef488147bc1b80eea1fe4893016ea1f4b621672490"
      url: "https://pub.dev"
    source: hosted
    version: "1.16.0"
  at_persistence_secondary_server:
    dependency: transitive
    description:
      name: at_persistence_secondary_server
      sha256: f813749be78fe69c87202d89a7f6949ba3578eb49934c2c3d7273d508520e8dd
      url: "https://pub.dev"
    source: hosted
    version: "5.2.0"
  at_server_status:
    dependency: "direct main"
    description:
      name: at_server_status
      sha256: bbce2d6226b5a381a5462ba99afc6e6d677043263a4eb659a731d0f51465bc54
      url: "https://pub.dev"
    source: hosted
    version: "1.1.1"
  at_utf7:
    dependency: transitive
    description:
      name: at_utf7
      sha256: c88e964e307bfe0e53e0048cff1ebf5ab60e23ceb4273f1ca664e724a9a5c5c9
      url: "https://pub.dev"
    source: hosted
    version: "1.0.0"
  at_utils:
    dependency: "direct main"
    description:
      name: at_utils
      sha256: e974616a816e9f6f3b186f33efea823f345d193b6ea9b42f08d28f35848c4de1
      url: "https://pub.dev"
    source: hosted
    version: "3.4.0"
  better_cryptography:
    dependency: transitive
    description:
      name: better_cryptography
      sha256: "67573ef169a3584710038f92e81b75c7790933af782a83ba8f71893496493de3"
      url: "https://pub.dev"
    source: hosted
    version: "1.0.0+1"
  biometric_storage:
    dependency: transitive
    description:
      name: biometric_storage
      sha256: "2cc569f2dbab39950812a6ae7fefa28c7d1c1eb07d2035c88f5e27da09022f5f"
      url: "https://pub.dev"
    source: hosted
    version: "5.0.1"
  bloc:
    dependency: transitive
    description:
      name: bloc
      sha256: "106842ad6569f0b60297619e9e0b1885c2fb9bf84812935490e6c5275777804e"
      url: "https://pub.dev"
    source: hosted
    version: "8.1.4"
  bloc_test:
    dependency: "direct dev"
    description:
      name: bloc_test
      sha256: "165a6ec950d9252ebe36dc5335f2e6eb13055f33d56db0eeb7642768849b43d2"
      url: "https://pub.dev"
    source: hosted
    version: "9.1.7"
  boolean_selector:
    dependency: transitive
    description:
      name: boolean_selector
      sha256: "8aab1771e1243a5063b8b0ff68042d67334e3feab9e95b9490f9a6ebf73b42ea"
      url: "https://pub.dev"
    source: hosted
    version: "2.1.2"
  build:
    dependency: transitive
    description:
      name: build
      sha256: "45d14a0fb23e018d8287c32fc98d726ce466b231928ed9b9200f29bd3ccd39ae"
      url: "https://pub.dev"
    source: hosted
    version: "4.0.7"
  build_config:
    dependency: transitive
    description:
      name: build_config
      sha256: "94eaf6708fe64408c632ef2689ca3777b112f9421306ccf4f8c84d7c5c9f83f8"
      url: "https://pub.dev"
    source: hosted
    version: "1.3.2"
  build_daemon:
    dependency: transitive
    description:
      name: build_daemon
      sha256: "79e05eaf15a48d7230b053a4363b8eaac0cc234bbd0134c3229455481f55cbc6"
      url: "https://pub.dev"
    source: hosted
    version: "4.1.5"
  build_runner:
    dependency: "direct dev"
    description:
      name: build_runner
      sha256: "5367e521935b102bdf1e735d2aab461e36b2edca6517662d088dd04cc39f8d16"
      url: "https://pub.dev"
    source: hosted
    version: "2.15.1"
  built_collection:
    dependency: transitive
    description:
      name: built_collection
      sha256: "376e3dd27b51ea877c28d525560790aee2e6fbb5f20e2f85d5081027d94e2100"
      url: "https://pub.dev"
    source: hosted
    version: "5.1.1"
  built_value:
    dependency: transitive
    description:
      name: built_value
      sha256: "31b24be6615ec7fcf70b3aa5a7469fe35826485e639a16dd7eb83ba30e4cc6a8"
      url: "https://pub.dev"
    source: hosted
    version: "8.12.7"
  chalkdart:
    dependency: transitive
    description:
      name: chalkdart
      sha256: "82dfa884e3cf97641eb0742a3b9ffd41490666b9ece548b2e32cbfefe540bf86"
      url: "https://pub.dev"
    source: hosted
    version: "2.4.0"
  characters:
    dependency: transitive
    description:
      name: characters
      sha256: faf38497bda5ead2a8c7615f4f7939df04333478bf32e4173fcb06d428b5716b
      url: "https://pub.dev"
    source: hosted
    version: "1.4.1"
  charcode:
    dependency: transitive
    description:
      name: charcode
      sha256: fb0f1107cac15a5ea6ef0a6ef71a807b9e4267c713bb93e00e92d737cc8dbd8a
      url: "https://pub.dev"
    source: hosted
    version: "1.4.0"
  checked_yaml:
    dependency: transitive
    description:
      name: checked_yaml
      sha256: "959525d3162f249993882720d52b7e0c833978df229be20702b33d48d91de70f"
      url: "https://pub.dev"
    source: hosted
    version: "2.0.4"
  cli_config:
    dependency: transitive
    description:
      name: cli_config
      sha256: ac20a183a07002b700f0c25e61b7ee46b23c309d76ab7b7640a028f18e4d99ec
      url: "https://pub.dev"
    source: hosted
    version: "0.2.0"
  cli_util:
    dependency: transitive
    description:
      name: cli_util
      sha256: ff6785f7e9e3c38ac98b2fb035701789de90154024a75b6cb926445e83197d1c
      url: "https://pub.dev"
    source: hosted
    version: "0.4.2"
  clock:
    dependency: transitive
    description:
      name: clock
      sha256: fddb70d9b5277016c77a80201021d40a2247104d9f4aa7bab7157b7e3f05b84b
      url: "https://pub.dev"
    source: hosted
    version: "1.1.2"
  code_assets:
    dependency: transitive
    description:
      name: code_assets
      sha256: bf394f466ba9205f1812a0433b392d6af280f155f56651eda7c18cc32ed493b8
      url: "https://pub.dev"
    source: hosted
    version: "1.2.1"
  code_builder:
    dependency: transitive
    description:
      name: code_builder
      sha256: "6a6cab2ba4680d6423f34a9b972a4c9a94ebe1b62ecec4e1a1f2cba91fd1319d"
      url: "https://pub.dev"
    source: hosted
    version: "4.11.1"
  collection:
    dependency: transitive
    description:
      name: collection
      sha256: "2f5709ae4d3d59dd8f7cd309b4e023046b57d8a6c82130785d2b0e5868084e76"
      url: "https://pub.dev"
    source: hosted
    version: "1.19.1"
  config:
    dependency: transitive
    description:
      name: config
      sha256: "7ab448e904baf3991878881be208b4298b2c1737852529238340dc780c575bda"
      url: "https://pub.dev"
    source: hosted
    version: "0.8.4"
  console:
    dependency: transitive
    description:
      name: console
      sha256: e04e7824384c5b39389acdd6dc7d33f3efe6b232f6f16d7626f194f6a01ad69a
      url: "https://pub.dev"
    source: hosted
    version: "4.1.0"
  convert:
    dependency: transitive
    description:
      name: convert
      sha256: b30acd5944035672bc15c6b7a8b47d773e41e2f17de064350988c5d02adb1c68
      url: "https://pub.dev"
    source: hosted
    version: "3.1.2"
  coverage:
    dependency: transitive
    description:
      name: coverage
      sha256: "956a3de0725ca232ad353565a8290d3357592bf4250f6f298a185e2d949c5d3d"
      url: "https://pub.dev"
    source: hosted
    version: "1.15.1"
  cron:
    dependency: transitive
    description:
      name: cron
      sha256: d98aa8cdad0cccdb6b098e6a1fb89339c180d8a229145fa4cd8c6fc538f0e35f
      url: "https://pub.dev"
    source: hosted
    version: "0.5.1"
  cross_file:
    dependency: transitive
    description:
      name: cross_file
      sha256: "92c9c43c383bfa1c32079d3bc492d55d6d4318044b7b47edaff8971cbb555c51"
      url: "https://pub.dev"
    source: hosted
    version: "0.3.5+4"
  crypto:
    dependency: transitive
    description:
      name: crypto
      sha256: c8ea0233063ba03258fbcf2ca4d6dadfefe14f02fab57702265467a19f27fadf
      url: "https://pub.dev"
    source: hosted
    version: "3.0.7"
  cryptography:
    dependency: transitive
    description:
      name: cryptography
      sha256: "3eda3029d34ec9095a27a198ac9785630fe525c0eb6a49f3d575272f8e792ef0"
      url: "https://pub.dev"
    source: hosted
    version: "2.9.0"
  crypton:
    dependency: transitive
    description:
      name: crypton
      sha256: "17b6631fbf89e389d421b46629132287ed37d601b2ad1357445826ab85022271"
      url: "https://pub.dev"
    source: hosted
    version: "2.2.1"
  dart_periphery:
    dependency: transitive
    description:
      name: dart_periphery
      sha256: "1c933dae787d65e6e66ee89db4a58ed74dc9213b83cea10c344585a256ca498a"
      url: "https://pub.dev"
    source: hosted
    version: "0.9.20"
  dart_style:
    dependency: transitive
    description:
      name: dart_style
      sha256: "29f7ecc274a86d32920b1d9cfc7502fa87220da41ec60b55f329559d5732e2b2"
      url: "https://pub.dev"
    source: hosted
    version: "3.1.7"
  dartssh2:
    dependency: transitive
    description:
      name: dartssh2
      sha256: ce7347d76fd7115994f3785b3b7b7c61e957641faa01a2ce066699609f2b45be
      url: "https://pub.dev"
    source: hosted
    version: "2.22.5"
  dbus:
    dependency: transitive
    description:
      name: dbus
      sha256: "0ce9b0a839e6dee59a37a623d2fc26a35bbbe6404213e419b0d6411023d62645"
      url: "https://pub.dev"
    source: hosted
    version: "0.7.14"
  desktop_drop:
    dependency: "direct main"
    description:
      name: desktop_drop
      sha256: aa1e797255bfbc76f9eb5aa4f61e5b68dbf69962ab1be6495816d2f251bc0d1f
      url: "https://pub.dev"
    source: hosted
    version: "0.7.1"
  device_info_plus:
    dependency: "direct main"
    description:
      name: device_info_plus
      sha256: b4fed1b2835da9d670d7bed7db79ae2a94b0f5ad6312268158a9b5479abbacdd
      url: "https://pub.dev"
    source: hosted
    version: "12.4.0"
  device_info_plus_platform_interface:
    dependency: transitive
    description:
      name: device_info_plus_platform_interface
      sha256: e1ea89119e34903dca74b883d0dd78eb762814f97fb6c76f35e9ff74d261a18f
      url: "https://pub.dev"
    source: hosted
    version: "7.0.3"
  diff_match_patch:
    dependency: transitive
    description:
      name: diff_match_patch
      sha256: "2efc9e6e8f449d0abe15be240e2c2a3bcd977c8d126cfd70598aee60af35c0a4"
      url: "https://pub.dev"
    source: hosted
    version: "0.4.1"
  dotted_border:
    dependency: "direct main"
    description:
      name: dotted_border
      sha256: "99b091ec6891ba0c5331fdc2b502993c7c108f898995739a73c6845d71dad70c"
      url: "https://pub.dev"
    source: hosted
    version: "3.1.0"
  duration:
    dependency: transitive
    description:
      name: duration
      sha256: "13e5d20723c9c1dde8fb318cf86716d10ce294734e81e44ae1a817f3ae714501"
      url: "https://pub.dev"
    source: hosted
    version: "4.0.3"
  ecdsa:
    dependency: transitive
    description:
      name: ecdsa
      sha256: "13b4e01ac140575cf88ef5e5268f92b8dd0a67a26c60a1b74e67d146068dc246"
      url: "https://pub.dev"
    source: hosted
    version: "0.1.2"
  elliptic:
    dependency: transitive
    description:
      name: elliptic
      sha256: "67931d408faa353bdebac9f7a1df0c3f6f828f4e8439cdf084573cd1601a2f4b"
      url: "https://pub.dev"
    source: hosted
    version: "0.3.12"
  encrypt:
    dependency: transitive
    description:
      name: encrypt
      sha256: "62d9aa4670cc2a8798bab89b39fc71b6dfbacf615de6cf5001fb39f7e4a996a2"
      url: "https://pub.dev"
    source: hosted
    version: "5.0.3"
  equatable:
    dependency: "direct main"
    description:
      name: equatable
      sha256: "3bce007a596ff8b3119c45d68aaef631272537c03d30e5d4534dd24bf4c5eaa2"
      url: "https://pub.dev"
    source: hosted
    version: "2.1.0"
  fake_async:
    dependency: transitive
    description:
      name: fake_async
      sha256: "5368f224a74523e8d2e7399ea1638b37aecfca824a3cc4dfdf77bf1fa905ac44"
      url: "https://pub.dev"
    source: hosted
    version: "1.3.3"
  ffi:
    dependency: transitive
    description:
      name: ffi
      sha256: "6d7fd89431262d8f3125e81b50d3847a091d846eafcd4fdb88dd06f36d705a45"
      url: "https://pub.dev"
    source: hosted
    version: "2.2.0"
  file:
    dependency: "direct overridden"
    description:
      name: file
      sha256: a3b4f84adafef897088c160faf7dfffb7696046cb13ae90b508c2cbc95d3b8d4
      url: "https://pub.dev"
    source: hosted
    version: "7.0.1"
  file_picker:
    dependency: "direct main"
    description:
      name: file_picker
      sha256: "29cc1fdb20613876cc7afc529738c1c0f11a9ca159b010edad0c566ac330847e"
      url: "https://pub.dev"
    source: hosted
    version: "11.0.3"
  fixnum:
    dependency: transitive
    description:
      name: fixnum
      sha256: b6dc7065e46c974bc7c5f143080a6764ec7a4be6da1285ececdc37be96de53be
      url: "https://pub.dev"
    source: hosted
    version: "1.1.1"
  flutter:
    dependency: "direct main"
    description: flutter
    source: sdk
    version: "0.0.0"
  flutter_bloc:
    dependency: "direct main"
    description:
      name: flutter_bloc
      sha256: b594505eac31a0518bdcb4b5b79573b8d9117b193cc80cc12e17d639b10aa27a
      url: "https://pub.dev"
    source: hosted
    version: "8.1.6"
  flutter_dotenv:
    dependency: "direct main"
    description:
      name: flutter_dotenv
      sha256: b7c7be5cd9f6ef7a78429cabd2774d3c4af50e79cb2b7593e3d5d763ef95c61b
      url: "https://pub.dev"
    source: hosted
    version: "5.2.1"
  flutter_driver:
    dependency: transitive
    description: flutter
    source: sdk
    version: "0.0.0"
  flutter_launcher_icons:
    dependency: "direct dev"
    description:
      name: flutter_launcher_icons
      sha256: "10f13781741a2e3972126fae08393d3c4e01fa4cd7473326b94b72cf594195e7"
      url: "https://pub.dev"
    source: hosted
    version: "0.14.4"
  flutter_localizations:
    dependency: "direct main"
    description: flutter
    source: sdk
    version: "0.0.0"
  flutter_plugin_android_lifecycle:
    dependency: transitive
    description:
      name: flutter_plugin_android_lifecycle
      sha256: "3854fe5e3bff0b113c658f260b90c95dea17c92db0f2addeac2e343dd9969785"
      url: "https://pub.dev"
    source: hosted
    version: "2.0.35"
  flutter_svg:
    dependency: "direct main"
    description:
      name: flutter_svg
      sha256: "35882981abcbfb8c15b286f0cd690ff25bac12d95eff3e25ee207f37d4c42e7f"
      url: "https://pub.dev"
    source: hosted
    version: "2.3.0"
  flutter_test:
    dependency: "direct dev"
    description: flutter
    source: sdk
    version: "0.0.0"
  flutter_web_plugins:
    dependency: transitive
    description: flutter
    source: sdk
    version: "0.0.0"
  frontend_server_client:
    dependency: transitive
    description:
      name: frontend_server_client
      sha256: f64a0333a82f30b0cca061bc3d143813a486dc086b574bfb233b7c1372427694
      url: "https://pub.dev"
    source: hosted
    version: "4.0.0"
  fuchsia_remote_debug_protocol:
    dependency: transitive
    description: flutter
    source: sdk
    version: "0.0.0"
  get_it:
    dependency: transitive
    description:
      name: get_it
      sha256: "568d62f0e68666fb5d95519743b3c24a34c7f19d834b0658c46e26d778461f66"
      url: "https://pub.dev"
    source: hosted
    version: "9.2.1"
  glob:
    dependency: transitive
    description:
      name: glob
      sha256: c3f1ee72c96f8f78935e18aa8cecced9ab132419e8625dc187e1c2408efc20de
      url: "https://pub.dev"
    source: hosted
    version: "2.1.3"
  graphs:
    dependency: transitive
    description:
      name: graphs
      sha256: "741bbf84165310a68ff28fe9e727332eef1407342fca52759cb21ad8177bb8d0"
      url: "https://pub.dev"
    source: hosted
    version: "2.3.2"
  hive:
    dependency: transitive
    description:
      name: hive
      sha256: "8dcf6db979d7933da8217edcec84e9df1bdb4e4edc7fc77dbd5aa74356d6d941"
      url: "https://pub.dev"
    source: hosted
    version: "2.2.3"
  hooks:
    dependency: transitive
    description:
      name: hooks
      sha256: "9a62a50b50b769a737bc0a8ff381f333529df3ab746b2f6b02e83760231455ba"
      url: "https://pub.dev"
    source: hosted
    version: "2.0.2"
  http:
    dependency: "direct main"
    description:
      name: http
      sha256: "87721a4a50b19c7f1d49001e51409bddc46303966ce89a65af4f4e6004896412"
      url: "https://pub.dev"
    source: hosted
    version: "1.6.0"
  http_multi_server:
    dependency: transitive
    description:
      name: http_multi_server
      sha256: aa6199f908078bb1c5efb8d8638d4ae191aac11b311132c3ef48ce352fb52ef8
      url: "https://pub.dev"
    source: hosted
    version: "3.2.2"
  http_parser:
    dependency: transitive
    description:
      name: http_parser
      sha256: "178d74305e7866013777bab2c3d8726205dc5a4dd935297175b19a23a2e66571"
      url: "https://pub.dev"
    source: hosted
    version: "4.1.2"
  image:
    dependency: transitive
    description:
      name: image
      sha256: f9881ff4998044947ec38d098bc7c8316ae1186fa786eddffdb867b9bc94dfce
      url: "https://pub.dev"
    source: hosted
    version: "4.8.0"
  integration_test:
    dependency: "direct dev"
    description: flutter
    source: sdk
    version: "0.0.0"
  internet_connection_checker:
    dependency: transitive
    description:
      name: internet_connection_checker
      sha256: "1c683e63e89c9ac66a40748b1b20889fd9804980da732bf2b58d6d5456c8e876"
      url: "https://pub.dev"
    source: hosted
    version: "1.0.0+1"
  intl:
    dependency: "direct main"
    description:
      name: intl
      sha256: "3df61194eb431efc39c4ceba583b95633a403f46c9fd341e550ce0bfa50e9aa5"
      url: "https://pub.dev"
    source: hosted
    version: "0.20.2"
  io:
    dependency: transitive
    description:
      name: io
      sha256: dfd5a80599cf0165756e3181807ed3e77daf6dd4137caaad72d0b7931597650b
      url: "https://pub.dev"
    source: hosted
    version: "1.0.5"
  jni:
    dependency: transitive
    description:
      name: jni
      sha256: f038e58b4dc2c9037f50e233175086337e0b305e356d28211bf55f21c504cbd3
      url: "https://pub.dev"
    source: hosted
    version: "1.0.3"
  jni_flutter:
    dependency: transitive
    description:
      name: jni_flutter
      sha256: "7b717011ea40d04fd47c2731d3d1d36eb99eba3435c2753d62489e8c3c9991d5"
      url: "https://pub.dev"
    source: hosted
    version: "1.0.2"
  jni_util:
    dependency: transitive
    description:
      name: jni_util
      sha256: "1ba86da04a5f2bf18fde2edb235587e70c5b0fc5bd4ba955f46b00942c3fc35f"
      url: "https://pub.dev"
    source: hosted
    version: "1.0.0"
  js:
    dependency: transitive
    description:
      name: js
      sha256: f2c445dce49627136094980615a031419f7f3eb393237e4ecd97ac15dea343f3
      url: "https://pub.dev"
    source: hosted
    version: "0.6.7"
  json_annotation:
    dependency: "direct main"
    description:
      name: json_annotation
      sha256: "2a743920d81b7910627f68ee2c9ac1fc0bfee32b9fc3403587d7c6791ca12f80"
      url: "https://pub.dev"
    source: hosted
    version: "4.12.0"
  json_serializable:
    dependency: "direct main"
    description:
      name: json_serializable
      sha256: e45aefa0324f08c683caafbb94b72837aa6193c61822799c916e45f4a263113d
      url: "https://pub.dev"
    source: hosted
    version: "6.14.1"
  leak_tracker:
    dependency: transitive
    description:
      name: leak_tracker
      sha256: "33e2e26bdd85a0112ec15400c8cbffea70d0f9c3407491f672a2fad47915e2de"
      url: "https://pub.dev"
    source: hosted
    version: "11.0.2"
  leak_tracker_flutter_testing:
    dependency: transitive
    description:
      name: leak_tracker_flutter_testing
      sha256: "1dbc140bb5a23c75ea9c4811222756104fbcd1a27173f0c34ca01e16bea473c1"
      url: "https://pub.dev"
    source: hosted
    version: "3.0.10"
  leak_tracker_testing:
    dependency: transitive
    description:
      name: leak_tracker_testing
      sha256: "8d5a2d49f4a66b49744b23b018848400d23e54caf9463f4eb20df3eb8acb2eb1"
      url: "https://pub.dev"
    source: hosted
    version: "3.0.2"
  logging:
    dependency: transitive
    description:
      name: logging
      sha256: c8245ada5f1717ed44271ed1c26b8ce85ca3228fd2ffdb75468ab01979309d61
      url: "https://pub.dev"
    source: hosted
    version: "1.3.0"
  matcher:
    dependency: transitive
    description:
      name: matcher
      sha256: dc0b7dc7651697ea4ff3e69ef44b0407ea32c487a39fff6a4004fa585e901861
      url: "https://pub.dev"
    source: hosted
    version: "0.12.19"
  material_color_utilities:
    dependency: transitive
    description:
      name: material_color_utilities
      sha256: "9c337007e82b1889149c82ed242ed1cb24a66044e30979c44912381e9be4c48b"
      url: "https://pub.dev"
    source: hosted
    version: "0.13.0"
  menu_base:
    dependency: transitive
    description:
      name: menu_base
      sha256: "820368014a171bd1241030278e6c2617354f492f5c703d7b7d4570a6b8b84405"
      url: "https://pub.dev"
    source: hosted
    version: "0.1.1"
  meta:
    dependency: transitive
    description:
      name: meta
      sha256: "23f08335362185a5ea2ad3a4e597f1375e78bce8a040df5c600c8d3552ef2394"
      url: "https://pub.dev"
    source: hosted
    version: "1.17.0"
  mime:
    dependency: transitive
    description:
      name: mime
      sha256: "41a20518f0cb1256669420fdba0cd90d21561e560ac240f26ef8322e45bb7ed6"
      url: "https://pub.dev"
    source: hosted
    version: "2.0.0"
  mockito:
    dependency: "direct dev"
    description:
      name: mockito
      sha256: eff30d002f0c8bf073b6f929df4483b543133fcafce056870163587b03f1d422
      url: "https://pub.dev"
    source: hosted
    version: "5.6.4"
  mocktail:
    dependency: transitive
    description:
      name: mocktail
      sha256: "5e1bf53cc7baa8062a33b84424deb61513858ea05c601b8509e683815b5914aa"
      url: "https://pub.dev"
    source: hosted
    version: "1.0.5"
  msix:
    dependency: "direct dev"
    description:
      name: msix
      sha256: "61415c352e8aea084332b8a5514e6408c961c8cdeca202804fff1040eb555ac7"
      url: "https://pub.dev"
    source: hosted
    version: "3.18.0"
  mutex:
    dependency: transitive
    description:
      name: mutex
      sha256: "8827da25de792088eb33e572115a5eb0d61d61a3c01acbc8bcbe76ed78f1a1f2"
      url: "https://pub.dev"
    source: hosted
    version: "3.1.0"
  nested:
    dependency: transitive
    description:
      name: nested
      sha256: "03bac4c528c64c95c722ec99280375a6f2fc708eec17c7b3f07253b626cd2a20"
      url: "https://pub.dev"
    source: hosted
    version: "1.0.0"
  ninja_asn1:
    dependency: transitive
    description:
      name: ninja_asn1
      sha256: b0f04877243fda51c475ec2bcaadb55a92759baee9f02888124c60775760ccf7
      url: "https://pub.dev"
    source: hosted
    version: "2.0.0"
  node_preamble:
    dependency: transitive
    description:
      name: node_preamble
      sha256: "6e7eac89047ab8a8d26cf16127b5ed26de65209847630400f9aefd7cd5c730db"
      url: "https://pub.dev"
    source: hosted
    version: "2.0.2"
  noports_core:
    dependency: "direct main"
    description:
      path: "../noports_core"
      relative: true
    source: path
    version: "6.12.1"
  objective_c:
    dependency: transitive
    description:
      name: objective_c
      sha256: b7fb95a6d9a4f009edd63dc5ac69f07420b23a16161c6dd8660290b59c602e8e
      url: "https://pub.dev"
    source: hosted
    version: "9.5.0"
  openssh_ed25519:
    dependency: transitive
    description:
      name: openssh_ed25519
      sha256: eb65bfb9158c05c294d653f639bb9b4b18aca6dfd010986e4f325e439a93655f
      url: "https://pub.dev"
    source: hosted
    version: "1.1.0"
  package_config:
    dependency: transitive
    description:
      name: package_config
      sha256: f096c55ebb7deb7e384101542bfba8c52696c1b56fca2eb62827989ef2353bbc
      url: "https://pub.dev"
    source: hosted
    version: "2.2.0"
  package_info_plus:
    dependency: "direct main"
    description:
      name: package_info_plus
      sha256: "468c26b4254ab01979fa5e4a98cb343ea3631b9acee6f21028997419a80e1a20"
      url: "https://pub.dev"
    source: hosted
    version: "9.0.1"
  package_info_plus_platform_interface:
    dependency: transitive
    description:
      name: package_info_plus_platform_interface
      sha256: "202a487f08836a592a6bd4f901ac69b3a8f146af552bbd14407b6b41e1c3f086"
      url: "https://pub.dev"
    source: hosted
    version: "3.2.1"
  path:
    dependency: "direct main"
    description:
      name: path
      sha256: "75cca69d1490965be98c73ceaea117e8a04dd21217b37b292c9ddbec0d955bc5"
      url: "https://pub.dev"
    source: hosted
    version: "1.9.1"
  path_parsing:
    dependency: transitive
    description:
      name: path_parsing
      sha256: "883402936929eac138ee0a45da5b0f2c80f89913e6dc3bf77eb65b84b409c6ca"
      url: "https://pub.dev"
    source: hosted
    version: "1.1.0"
  path_provider:
    dependency: "direct main"
    description:
      name: path_provider
      sha256: a7f4874f987173da295a61c181b8ee71dab59b332a486b391babf26a1b884825
      url: "https://pub.dev"
    source: hosted
    version: "2.1.6"
  path_provider_android:
    dependency: transitive
    description:
      name: path_provider_android
      sha256: "69cbd515a62b94d32a7944f086b2f82b4ac40a1d45bebfc00813a430ab2dabcd"
      url: "https://pub.dev"
    source: hosted
    version: "2.3.1"
  path_provider_foundation:
    dependency: transitive
    description:
      name: path_provider_foundation
      sha256: "2a376b7d6392d80cd3705782d2caa734ca4727776db0b6ec36ef3f1855197699"
      url: "https://pub.dev"
    source: hosted
    version: "2.6.0"
  path_provider_linux:
    dependency: transitive
    description:
      name: path_provider_linux
      sha256: "58c2005f147315b11e9b4a7bc889cd5203e250cba8e3f012dae259b4972b5c16"
      url: "https://pub.dev"
    source: hosted
    version: "2.2.2"
  path_provider_platform_interface:
    dependency: transitive
    description:
      name: path_provider_platform_interface
      sha256: "484838772624c3a4b94f1e44a3e19897fee738f2d5c4ce448443b0417f7c9dda"
      url: "https://pub.dev"
    source: hosted
    version: "2.1.3"
  path_provider_windows:
    dependency: transitive
    description:
      name: path_provider_windows
      sha256: bd6f00dbd873bfb70d0761682da2b3a2c2fccc2b9e84c495821639601d81afe7
      url: "https://pub.dev"
    source: hosted
    version: "2.3.0"
  petitparser:
    dependency: transitive
    description:
      name: petitparser
      sha256: "91bd59303e9f769f108f8df05e371341b15d59e995e6806aefab827b58336675"
      url: "https://pub.dev"
    source: hosted
    version: "7.0.2"
  phosphor_flutter:
    dependency: "direct main"
    description:
      name: phosphor_flutter
      sha256: "8a14f238f28a0b54842c5a4dc20676598dd4811fcba284ed828bd5a262c11fde"
      url: "https://pub.dev"
    source: hosted
    version: "2.1.0"
  pin_code_fields:
    dependency: "direct main"
    description:
      name: pin_code_fields
      sha256: "4c0db7fbc889e622e7c71ea54b9ee624bb70c7365b532abea0271b17ea75b729"
      url: "https://pub.dev"
    source: hosted
    version: "8.0.1"
  pinenacl:
    dependency: transitive
    description:
      name: pinenacl
      sha256: "57e907beaacbc3c024a098910b6240758e899674de07d6949a67b52fd984cbdf"
      url: "https://pub.dev"
    source: hosted
    version: "0.6.0"
  pinput:
    dependency: transitive
    description:
      name: pinput
      sha256: c41f42ee301505ae2375ec32871c985d3717bf8aee845620465b286e0140aad2
      url: "https://pub.dev"
    source: hosted
    version: "5.0.2"
  platform:
    dependency: transitive
    description:
      name: platform
      sha256: "5d6b1b0036a5f331ebc77c850ebc8506cbc1e9416c27e59b439f917a902a4984"
      url: "https://pub.dev"
    source: hosted
    version: "3.1.6"
  plugin_platform_interface:
    dependency: transitive
    description:
      name: plugin_platform_interface
      sha256: "4820fbfdb9478b1ebae27888254d445073732dae3d6ea81f0b7e06d5dedc3f02"
      url: "https://pub.dev"
    source: hosted
    version: "2.1.8"
  pointycastle:
    dependency: "direct overridden"
    description:
      name: pointycastle
      sha256: "92aa3841d083cc4b0f4709b5c74fd6409a3e6ba833ffc7dc6a8fee096366acf5"
      url: "https://pub.dev"
    source: hosted
    version: "4.0.0"
  pool:
    dependency: transitive
    description:
      name: pool
      sha256: "978783255c543aa3586a1b3c21f6e9d720eb315376a915872c61ef8b5c20177d"
      url: "https://pub.dev"
    source: hosted
    version: "1.5.2"
  posix:
    dependency: transitive
    description:
      name: posix
      sha256: bc1bad54ad2b735816e31f8d4600cfde6c7839975085ddfbca48b6c9f7c4044e
      url: "https://pub.dev"
    source: hosted
    version: "6.5.2"
  pqcrypto:
    dependency: transitive
    description:
      name: pqcrypto
      sha256: fa8bd7eac5ccb4389f4003715a79b1b601ca9439cb81d1174a1e06da75306b39
      url: "https://pub.dev"
    source: hosted
    version: "0.3.1"
  process:
    dependency: transitive
    description:
      name: process
      sha256: c6248e4526673988586e8c00bb22a49210c258dc91df5227d5da9748ecf79744
      url: "https://pub.dev"
    source: hosted
    version: "5.0.5"
  provider:
    dependency: transitive
    description:
      name: provider
      sha256: "4e82183fa20e5ca25703ead7e05de9e4cceed1fbd1eadc1ac3cb6f565a09f272"
      url: "https://pub.dev"
    source: hosted
    version: "6.1.5+1"
  pub_semver:
    dependency: transitive
    description:
      name: pub_semver
      sha256: "5bfcf68ca79ef689f8990d1160781b4bad40a3bd5e5218ad4076ddb7f4081585"
      url: "https://pub.dev"
    source: hosted
    version: "2.2.0"
  pubspec_parse:
    dependency: transitive
    description:
      name: pubspec_parse
      sha256: "0560ba233314abbed0a48a2956f7f022cce7c3e1e73df540277da7544cad4082"
      url: "https://pub.dev"
    source: hosted
    version: "1.5.0"
  record_use:
    dependency: transitive
    description:
      name: record_use
      sha256: "2551bd8eecfe95d14ae75f6021ad0248be5c27f138c2ec12fcb52b500b3ba1ed"
      url: "https://pub.dev"
    source: hosted
    version: "0.6.0"
  rfc_6901:
    dependency: transitive
    description:
      name: rfc_6901
      sha256: "6a43b1858dca2febaf93e15639aa6b0c49ccdfd7647775f15a499f872b018154"
      url: "https://pub.dev"
    source: hosted
    version: "0.2.1"
  screen_retriever:
    dependency: transitive
    description:
      name: screen_retriever
      sha256: ace919117a7520c13a50a6259e60c4a0d4cbe98809468792a91b5c5adada2aa6
      url: "https://pub.dev"
    source: hosted
    version: "0.2.2"
  screen_retriever_linux:
    dependency: transitive
    description:
      name: screen_retriever_linux
      sha256: "7b52006a5ceae1f3d5af7f77188c3290d6e7d8ded16d99809bea84967c65c257"
      url: "https://pub.dev"
    source: hosted
    version: "0.2.2"
  screen_retriever_macos:
    dependency: transitive
    description:
      name: screen_retriever_macos
      sha256: a1489b99cce597c45a54b9aae1cd94c8d4705353b7e0bb2457a6e4de44e0ad8a
      url: "https://pub.dev"
    source: hosted
    version: "0.2.2"
  screen_retriever_platform_interface:
    dependency: transitive
    description:
      name: screen_retriever_platform_interface
      sha256: "94a5535277510a63184ca178ce12a1449bc0b38618879aa1c18bf57369c5064a"
      url: "https://pub.dev"
    source: hosted
    version: "0.2.2"
  screen_retriever_windows:
    dependency: transitive
    description:
      name: screen_retriever_windows
      sha256: dafc6922b0bfbf1d48cf3ccbf519b4fff47bdcb820da1728ea6db675fecc9324
      url: "https://pub.dev"
    source: hosted
    version: "0.2.2"
  shelf:
    dependency: transitive
    description:
      name: shelf
      sha256: e7dd780a7ffb623c57850b33f43309312fc863fb6aa3d276a754bb299839ef12
      url: "https://pub.dev"
    source: hosted
    version: "1.4.2"
  shelf_packages_handler:
    dependency: transitive
    description:
      name: shelf_packages_handler
      sha256: "89f967eca29607c933ba9571d838be31d67f53f6e4ee15147d5dc2934fee1b1e"
      url: "https://pub.dev"
    source: hosted
    version: "3.0.2"
  shelf_static:
    dependency: transitive
    description:
      name: shelf_static
      sha256: c87c3875f91262785dade62d135760c2c69cb217ac759485334c5857ad89f6e3
      url: "https://pub.dev"
    source: hosted
    version: "1.1.3"
  shelf_web_socket:
    dependency: transitive
    description:
      name: shelf_web_socket
      sha256: "3632775c8e90d6c9712f883e633716432a27758216dfb61bd86a8321c0580925"
      url: "https://pub.dev"
    source: hosted
    version: "3.0.0"
  shortid:
    dependency: transitive
    description:
      name: shortid
      sha256: d0b40e3dbb50497dad107e19c54ca7de0d1a274eb9b4404991e443dadb9ebedb
      url: "https://pub.dev"
    source: hosted
    version: "0.1.2"
  sky_engine:
    dependency: transitive
    description: flutter
    source: sdk
    version: "0.0.0"
  socket_connector:
    dependency: "direct main"
    description:
      name: socket_connector
      sha256: "490312b9f28ad54a9ee18fc258befa8c720148822676bf086a961f7e72a2dda4"
      url: "https://pub.dev"
    source: hosted
    version: "2.4.1"
  source_gen:
    dependency: transitive
    description:
      name: source_gen
      sha256: a603f1fb984a7391ae5978d1b92bfaaa08b350dca5c825256f925818f7943bf5
      url: "https://pub.dev"
    source: hosted
    version: "4.2.4"
  source_helper:
    dependency: transitive
    description:
      name: source_helper
      sha256: "5e6f216fdf6376c9f3852381ae037499797a3385377d388b011dac98d303c67c"
      url: "https://pub.dev"
    source: hosted
    version: "1.3.13"
  source_map_stack_trace:
    dependency: transitive
    description:
      name: source_map_stack_trace
      sha256: c0713a43e323c3302c2abe2a1cc89aa057a387101ebd280371d6a6c9fa68516b
      url: "https://pub.dev"
    source: hosted
    version: "2.1.2"
  source_maps:
    dependency: transitive
    description:
      name: source_maps
      sha256: "190222579a448b03896e0ca6eca5998fa810fda630c1d65e2f78b3f638f54812"
      url: "https://pub.dev"
    source: hosted
    version: "0.10.13"
  source_span:
    dependency: transitive
    description:
      name: source_span
      sha256: "56a02f1f4cd1a2d96303c0144c93bd6d909eea6bee6bf5a0e0b685edbd4c47ab"
      url: "https://pub.dev"
    source: hosted
    version: "1.10.2"
  sqlite3:
    dependency: transitive
    description:
      name: sqlite3
      sha256: "3145bd74dcdb4fd6f5c6dda4d4e4490a8087d7f286a14dee5d37087290f0f8a2"
      url: "https://pub.dev"
    source: hosted
    version: "2.9.4"
  stack_trace:
    dependency: transitive
    description:
      name: stack_trace
      sha256: "8b27215b45d22309b5cddda1aa2b19bdfec9df0e765f2de506401c071d38d1b1"
      url: "https://pub.dev"
    source: hosted
    version: "1.12.1"
  stream_channel:
    dependency: transitive
    description:
      name: stream_channel
      sha256: "969e04c80b8bcdf826f8f16579c7b14d780458bd97f56d107d3950fdbeef059d"
      url: "https://pub.dev"
    source: hosted
    version: "2.1.4"
  stream_transform:
    dependency: transitive
    description:
      name: stream_transform
      sha256: ad47125e588cfd37a9a7f86c7d6356dde8dfe89d071d293f80ca9e9273a33871
      url: "https://pub.dev"
    source: hosted
    version: "2.1.1"
  string_scanner:
    dependency: transitive
    description:
      name: string_scanner
      sha256: "921cd31725b72fe181906c6a94d987c78e3b98c2e205b397ea399d4054872b43"
      url: "https://pub.dev"
    source: hosted
    version: "1.4.1"
  super_tooltip:
    dependency: "direct main"
    description:
      name: super_tooltip
      sha256: "1fa2855cf7fdd493aea7f8b1e456e76767a1b68d38f1137ba7fb751f7772cade"
      url: "https://pub.dev"
    source: hosted
    version: "2.1.1"
  sync_http:
    dependency: transitive
    description:
      name: sync_http
      sha256: "7f0cd72eca000d2e026bcd6f990b81d0ca06022ef4e32fb257b30d3d1014a961"
      url: "https://pub.dev"
    source: hosted
    version: "0.3.1"
  term_glyph:
    dependency: transitive
    description:
      name: term_glyph
      sha256: "7f554798625ea768a7518313e58f83891c7f5024f88e46e7182a4558850a4b8e"
      url: "https://pub.dev"
    source: hosted
    version: "1.2.2"
  test:
    dependency: transitive
    description:
      name: test
      sha256: "280d6d890011ca966ad08df7e8a4ddfab0fb3aa49f96ed6de56e3521347a9ae7"
      url: "https://pub.dev"
    source: hosted
    version: "1.30.0"
  test_api:
    dependency: transitive
    description:
      name: test_api
      sha256: "8161c84903fd860b26bfdefb7963b3f0b68fee7adea0f59ef805ecca346f0c7a"
      url: "https://pub.dev"
    source: hosted
    version: "0.7.10"
  test_core:
    dependency: transitive
    description:
      name: test_core
      sha256: "0381bd1585d1a924763c308100f2138205252fb90c9d4eeaf28489ee65ccde51"
      url: "https://pub.dev"
    source: hosted
    version: "0.6.16"
  tray_manager:
    dependency: "direct main"
    description:
      name: tray_manager
      sha256: "1a659b08baa6e9b91ef8ce16eda37740de398be1c4cf322b8a1ddfef25c68c5a"
      url: "https://pub.dev"
    source: hosted
    version: "0.5.3"
  typed_data:
    dependency: transitive
    description:
      name: typed_data
      sha256: f9049c039ebfeb4cf7a7104a675823cd72dba8297f264b6637062516699fa006
      url: "https://pub.dev"
    source: hosted
    version: "1.4.0"
  universal_platform:
    dependency: transitive
    description:
      name: universal_platform
      sha256: "64e16458a0ea9b99260ceb5467a214c1f298d647c659af1bff6d3bf82536b1ec"
      url: "https://pub.dev"
    source: hosted
    version: "1.1.0"
  url_launcher:
    dependency: "direct main"
    description:
      name: url_launcher
      sha256: f6a7e5c4835bb4e3026a04793a4199ca2d14c739ec378fdfe23fc8075d0439f8
      url: "https://pub.dev"
    source: hosted
    version: "6.3.2"
  url_launcher_android:
    dependency: transitive
    description:
      name: url_launcher_android
      sha256: "17bc677f0b301615530dd1d67e0a9828cafa2d0b6b6eae4cd3679b7eac4a273c"
      url: "https://pub.dev"
    source: hosted
    version: "6.3.30"
  url_launcher_ios:
    dependency: transitive
    description:
      name: url_launcher_ios
      sha256: "580fe5dfb51671ae38191d316e027f6b76272b026370708c2d898799750a02b0"
      url: "https://pub.dev"
    source: hosted
    version: "6.4.1"
  url_launcher_linux:
    dependency: transitive
    description:
      name: url_launcher_linux
      sha256: d5e14138b3bc193a0f63c10a53c94b91d399df0512b1f29b94a043db7482384a
      url: "https://pub.dev"
    source: hosted
    version: "3.2.2"
  url_launcher_macos:
    dependency: transitive
    description:
      name: url_launcher_macos
      sha256: "368adf46f71ad3c21b8f06614adb38346f193f3a59ba8fe9a2fd74133070ba18"
      url: "https://pub.dev"
    source: hosted
    version: "3.2.5"
  url_launcher_platform_interface:
    dependency: transitive
    description:
      name: url_launcher_platform_interface
      sha256: "552f8a1e663569be95a8190206a38187b531910283c3e982193e4f2733f01029"
      url: "https://pub.dev"
    source: hosted
    version: "2.3.2"
  url_launcher_web:
    dependency: transitive
    description:
      name: url_launcher_web
      sha256: "85c81589622fbc87c1c683aaea164d3604a7777495a79d91e39ffcdec39ddb34"
      url: "https://pub.dev"
    source: hosted
    version: "2.4.3"
  url_launcher_windows:
    dependency: transitive
    description:
      name: url_launcher_windows
      sha256: "712c70ab1b99744ff066053cbe3e80c73332b38d46e5e945c98689b2e66fc15f"
      url: "https://pub.dev"
    source: hosted
    version: "3.1.5"
  uuid:
    dependency: "direct main"
    description:
      name: uuid
      sha256: "9b129329f58692f6e6578329498a8fe9fbe98f090beb764ffbb8ee2eadd01dcd"
      url: "https://pub.dev"
    source: hosted
    version: "4.6.0"
  vector_graphics:
    dependency: transitive
    description:
      name: vector_graphics
      sha256: "9d0e3b9cb16542ad660daee871e726a10d13a93b7b5391677c3160e8f5e83935"
      url: "https://pub.dev"
    source: hosted
    version: "1.2.3"
  vector_graphics_codec:
    dependency: transitive
    description:
      name: vector_graphics_codec
      sha256: "99fd9fbd34d9f9a32efd7b6a6aae14125d8237b10403b422a6a6dfeac2806146"
      url: "https://pub.dev"
    source: hosted
    version: "1.1.13"
  vector_graphics_compiler:
    dependency: transitive
    description:
      name: vector_graphics_compiler
      sha256: "4dca4feb77dc3ec7f6e27e49c53241eb8217f55e4f9b12599a27f8903bca5682"
      url: "https://pub.dev"
    source: hosted
    version: "1.3.0"
  vector_math:
    dependency: transitive
    description:
      name: vector_math
      sha256: d530bd74fea330e6e364cda7a85019c434070188383e1cd8d9777ee586914c5b
      url: "https://pub.dev"
    source: hosted
    version: "2.2.0"
  version:
    dependency: transitive
    description:
      name: version
      sha256: "3d4140128e6ea10d83da32fef2fa4003fccbf6852217bb854845802f04191f94"
      url: "https://pub.dev"
    source: hosted
    version: "3.0.2"
  visibility_detector:
    dependency: "direct main"
    description:
      name: visibility_detector
      sha256: dd5cc11e13494f432d15939c3aa8ae76844c42b723398643ce9addb88a5ed420
      url: "https://pub.dev"
    source: hosted
    version: "0.4.0+2"
  vm_service:
    dependency: transitive
    description:
      name: vm_service
      sha256: "0016aef94fc66495ac78af5859181e3f3bf2026bd8eecc72b9565601e19ab360"
      url: "https://pub.dev"
    source: hosted
    version: "15.2.0"
  watcher:
    dependency: transitive
    description:
      name: watcher
      sha256: "1398c9f081a753f9226febe8900fce8f7d0a67163334e1c94a2438339d79d635"
      url: "https://pub.dev"
    source: hosted
    version: "1.2.1"
  web:
    dependency: transitive
    description:
      name: web
      sha256: "868d88a33d8a87b18ffc05f9f030ba328ffefba92d6c127917a2ba740f9cfe4a"
      url: "https://pub.dev"
    source: hosted
    version: "1.1.1"
  web_socket:
    dependency: transitive
    description:
      name: web_socket
      sha256: "34d64019aa8e36bf9842ac014bb5d2f5586ca73df5e4d9bf5c936975cae6982c"
      url: "https://pub.dev"
    source: hosted
    version: "1.0.1"
  web_socket_channel:
    dependency: transitive
    description:
      name: web_socket_channel
      sha256: d645757fb0f4773d602444000a8131ff5d48c9e47adfe9772652dd1a4f2d45c8
      url: "https://pub.dev"
    source: hosted
    version: "3.0.3"
  webdriver:
    dependency: transitive
    description:
      name: webdriver
      sha256: "2f3a14ca026957870cfd9c635b83507e0e51d8091568e90129fbf805aba7cade"
      url: "https://pub.dev"
    source: hosted
    version: "3.1.0"
  webkit_inspection_protocol:
    dependency: transitive
    description:
      name: webkit_inspection_protocol
      sha256: "87d3f2333bb240704cd3f1c6b5b7acd8a10e7f0bc28c28dcf14e782014f4a572"
      url: "https://pub.dev"
    source: hosted
    version: "1.2.1"
  win32:
    dependency: "direct dev"
    description:
      name: win32
      sha256: d7cb55e04cd34096cd3a79b3330245f54cb96a370a1c27adb3c84b917de8b08e
      url: "https://pub.dev"
    source: hosted
    version: "5.15.0"
  win32_registry:
    dependency: transitive
    description:
      name: win32_registry
      sha256: "6f1b564492d0147b330dd794fee8f512cec4977957f310f9951b5f9d83618dae"
      url: "https://pub.dev"
    source: hosted
    version: "2.1.0"
  window_manager:
    dependency: "direct main"
    description:
      name: window_manager
      sha256: "732896e1416297c63c9e3fb95aea72d0355f61390263982a47fd519169dc5059"
      url: "https://pub.dev"
    source: hosted
    version: "0.4.3"
  xdg_directories:
    dependency: transitive
    description:
      name: xdg_directories
      sha256: "7a3f37b05d989967cdddcbb571f1ea834867ae2faa29725fd085180e0883aa15"
      url: "https://pub.dev"
    source: hosted
    version: "1.1.0"
  xml:
    dependency: transitive
    description:
      name: xml
      sha256: "971043b3a0d3da28727e40ed3e0b5d18b742fa5a68665cca88e74b7876d5e025"
      url: "https://pub.dev"
    source: hosted
    version: "6.6.1"
  yaml:
    dependency: "direct main"
    description:
      name: yaml
      sha256: b9da305ac7c39faa3f030eccd175340f968459dae4af175130b3fc47e40d76ce
      url: "https://pub.dev"
    source: hosted
    version: "3.1.3"
  yaml_writer:
    dependency: "direct main"
    description:
      name: yaml_writer
      sha256: "69651cd7238411179ac32079937d4aa9a2970150d6b2ae2c6fe6de09402a5dc5"
      url: "https://pub.dev"
    source: hosted
    version: "2.1.0"
  zxing2:
    dependency: transitive
    description:
      name: zxing2
      sha256: "2677c49a3b9ca9457cb1d294fd4bd5041cac6aab8cdb07b216ba4e98945c684f"
      url: "https://pub.dev"
    source: hosted
    version: "0.2.4"
sdks:
  dart: ">=3.11.0 <4.0.0"
  flutter: ">=3.38.4"
