# Generated by pub
# See https://dart.dev/tools/pub/glossary#lockfile
packages:
  _fe_analyzer_shared:
    dependency: transitive
    description:
      name: _fe_analyzer_shared
      sha256: f256b0c0ba6c7577c15e2e4e114755640a875e885099367bf6e012b19314c834
      url: "https://pub.dev"
    source: hosted
    version: "72.0.0"
  _macros:
    dependency: transitive
    description: dart
    source: sdk
    version: "0.3.2"
  analyzer:
    dependency: transitive
    description:
      name: analyzer
      sha256: b652861553cd3990d8ed361f7979dc6d7053a9ac8843fa73820ab68ce5410139
      url: "https://pub.dev"
    source: hosted
    version: "6.7.0"
  archive:
    dependency: transitive
    description:
      name: archive
      sha256: cb6a278ef2dbb298455e1a713bda08524a175630ec643a242c399c932a0a1f7d
      url: "https://pub.dev"
    source: hosted
    version: "3.6.1"
  args:
    dependency: "direct overridden"
    description:
      path: "."
      ref: "gkc/show-aliases-in-usage"
      resolved-ref: ece6d42302acc5bae7a4ba793440ccb0945d48f5
      url: "https://github.com/gkc/args"
    source: git
    version: "2.4.2"
  asn1lib:
    dependency: transitive
    description:
      name: asn1lib
      sha256: "58082b3f0dca697204dbab0ef9ff208bfaea7767ea771076af9a343488428dda"
      url: "https://pub.dev"
    source: hosted
    version: "1.5.3"
  async:
    dependency: transitive
    description:
      name: async
      sha256: "947bfcf187f74dbc5e146c9eb9c0f10c9f8b30743e341481c1e2ed3ecc18c20c"
      url: "https://pub.dev"
    source: hosted
    version: "2.11.0"
  at_auth:
    dependency: transitive
    description:
      name: at_auth
      sha256: "28f72f0fc26ec7f5f58d28fd29f964c9b2b35ecdc8dd4805ed7174851da2cbcc"
      url: "https://pub.dev"
    source: hosted
    version: "2.0.5"
  at_backupkey_flutter:
    dependency: transitive
    description:
      name: at_backupkey_flutter
      sha256: "91425f34aabec7fc37f61259af690676aae6c1776c2feac7bfea5f7ea7fc3812"
      url: "https://pub.dev"
    source: hosted
    version: "4.0.15"
  at_base2e15:
    dependency: transitive
    description:
      name: at_base2e15
      sha256: "06ee6ffba9b3439f1c41f9bf0c01f579ce0a8b25f42da8c374ba3a14d721937f"
      url: "https://pub.dev"
    source: hosted
    version: "1.0.0"
  at_chops:
    dependency: transitive
    description:
      name: at_chops
      sha256: "825171a3132b3756119bd16b6fd1fa6257f74a64babaf13cae2d82d53b8c6be1"
      url: "https://pub.dev"
    source: hosted
    version: "2.0.0"
  at_client:
    dependency: transitive
    description:
      name: at_client
      sha256: "12b7f5cacbb726e33a76ed4d069cb552df1333d30026cb9237f3b8b83bc0e6e4"
      url: "https://pub.dev"
    source: hosted
    version: "3.0.78"
  at_client_mobile:
    dependency: "direct main"
    description:
      name: at_client_mobile
      sha256: "749b686cf403d4f396fbce5b7684574d983669274553950d92542b50830e9d28"
      url: "https://pub.dev"
    source: hosted
    version: "3.2.18"
  at_common_flutter:
    dependency: transitive
    description:
      name: at_common_flutter
      sha256: "8039690a90f735bd6547d07191083936c3e0219c10ad4f4f6747ff8c9dd1cdbf"
      url: "https://pub.dev"
    source: hosted
    version: "2.0.14"
  at_commons:
    dependency: transitive
    description:
      name: at_commons
      sha256: "2d0490a0c5bcd43c6a37911d85b71c133767aec47abc65bd8ecb20c8caaddeab"
      url: "https://pub.dev"
    source: hosted
    version: "4.0.11"
  at_demo_data:
    dependency: transitive
    description:
      name: at_demo_data
      sha256: bbaa979d9e6552472c5f5c755ebd2fef8c9c965140219f1faeaff1c7bb4e6ea7
      url: "https://pub.dev"
    source: hosted
    version: "1.0.3"
  at_file_saver:
    dependency: transitive
    description:
      name: at_file_saver
      sha256: d1d5322be265ff395b6160f8880b4ebd713b673ea739662eca463def9c588f00
      url: "https://pub.dev"
    source: hosted
    version: "0.1.2"
  at_lookup:
    dependency: transitive
    description:
      name: at_lookup
      sha256: e989099d5f2cd6415097c8e4353340bd2048c9ee1bc82665f2b4f7c4615ad055
      url: "https://pub.dev"
    source: hosted
    version: "3.0.47"
  at_onboarding_flutter:
    dependency: "direct main"
    description:
      path: "/Users/curtlycritchlow/Documents/CCWC/clients/atsign/at_widgets/packages/at_onboarding_flutter"
      relative: false
    source: path
    version: "6.1.8"
  at_persistence_secondary_server:
    dependency: transitive
    description:
      name: at_persistence_secondary_server
      sha256: "1ec73b56e61b8aee94104ad4610c17cf07e366239337bedd43fa80c7765a391d"
      url: "https://pub.dev"
    source: hosted
    version: "3.0.63"
  at_persistence_spec:
    dependency: transitive
    description:
      name: at_persistence_spec
      sha256: ea8e550368ccee9150247ae7abdc256dccf78467bb48c11d1d0d66b843b21ba7
      url: "https://pub.dev"
    source: hosted
    version: "2.0.14"
  at_server_status:
    dependency: transitive
    description:
      name: at_server_status
      sha256: "316c3e6717592677207d4f0a836b013271ca0f729e8b575c9195d19cfc57e71b"
      url: "https://pub.dev"
    source: hosted
    version: "1.0.4"
  at_sync_ui_flutter:
    dependency: transitive
    description:
      name: at_sync_ui_flutter
      sha256: "77f500a160f0815de2cf26b049346cf91c982d3fcd4482d4be48ebf90dd83b9e"
      url: "https://pub.dev"
    source: hosted
    version: "1.0.12"
  at_utf7:
    dependency: transitive
    description:
      name: at_utf7
      sha256: c88e964e307bfe0e53e0048cff1ebf5ab60e23ceb4273f1ca664e724a9a5c5c9
      url: "https://pub.dev"
    source: hosted
    version: "1.0.0"
  at_utils:
    dependency: transitive
    description:
      name: at_utils
      sha256: ec28600e4eec321ee5e22be051109fa7b2e94590dc51d9f957730c2540beb681
      url: "https://pub.dev"
    source: hosted
    version: "3.0.16"
  biometric_storage:
    dependency: transitive
    description:
      name: biometric_storage
      sha256: "2cc569f2dbab39950812a6ae7fefa28c7d1c1eb07d2035c88f5e27da09022f5f"
      url: "https://pub.dev"
    source: hosted
    version: "5.0.1"
  bloc:
    dependency: transitive
    description:
      name: bloc
      sha256: "106842ad6569f0b60297619e9e0b1885c2fb9bf84812935490e6c5275777804e"
      url: "https://pub.dev"
    source: hosted
    version: "8.1.4"
  boolean_selector:
    dependency: transitive
    description:
      name: boolean_selector
      sha256: "6cfb5af12253eaf2b368f07bacc5a80d1301a071c73360d746b7f2e32d762c66"
      url: "https://pub.dev"
    source: hosted
    version: "2.1.1"
  build:
    dependency: transitive
    description:
      name: build
      sha256: "80184af8b6cb3e5c1c4ec6d8544d27711700bc3e6d2efad04238c7b5290889f0"
      url: "https://pub.dev"
    source: hosted
    version: "2.4.1"
  build_config:
    dependency: transitive
    description:
      name: build_config
      sha256: bf80fcfb46a29945b423bd9aad884590fb1dc69b330a4d4700cac476af1708d1
      url: "https://pub.dev"
    source: hosted
    version: "1.1.1"
  build_daemon:
    dependency: transitive
    description:
      name: build_daemon
      sha256: "79b2aef6ac2ed00046867ed354c88778c9c0f029df8a20fe10b5436826721ef9"
      url: "https://pub.dev"
    source: hosted
    version: "4.0.2"
  build_resolvers:
    dependency: transitive
    description:
      name: build_resolvers
      sha256: "339086358431fa15d7eca8b6a36e5d783728cf025e559b834f4609a1fcfb7b0a"
      url: "https://pub.dev"
    source: hosted
    version: "2.4.2"
  build_runner:
    dependency: "direct dev"
    description:
      name: build_runner
      sha256: dd09dd4e2b078992f42aac7f1a622f01882a8492fef08486b27ddde929c19f04
      url: "https://pub.dev"
    source: hosted
    version: "2.4.12"
  build_runner_core:
    dependency: transitive
    description:
      name: build_runner_core
      sha256: f8126682b87a7282a339b871298cc12009cb67109cfa1614d6436fb0289193e0
      url: "https://pub.dev"
    source: hosted
    version: "7.3.2"
  built_collection:
    dependency: transitive
    description:
      name: built_collection
      sha256: "376e3dd27b51ea877c28d525560790aee2e6fbb5f20e2f85d5081027d94e2100"
      url: "https://pub.dev"
    source: hosted
    version: "5.1.1"
  built_value:
    dependency: transitive
    description:
      name: built_value
      sha256: c7913a9737ee4007efedaffc968c049fd0f3d0e49109e778edc10de9426005cb
      url: "https://pub.dev"
    source: hosted
    version: "8.9.2"
  chalkdart:
    dependency: transitive
    description:
      name: chalkdart
      sha256: "0b7ec5c6a6bafd1445500632c00c573722bd7736e491675d4ac3fe560bbd9cfe"
      url: "https://pub.dev"
    source: hosted
    version: "2.2.1"
  characters:
    dependency: transitive
    description:
      name: characters
      sha256: "04a925763edad70e8443c99234dc3328f442e811f1d8fd1a72f1c8ad0f69a605"
      url: "https://pub.dev"
    source: hosted
    version: "1.3.0"
  charcode:
    dependency: transitive
    description:
      name: charcode
      sha256: fb98c0f6d12c920a02ee2d998da788bca066ca5f148492b7085ee23372b12306
      url: "https://pub.dev"
    source: hosted
    version: "1.3.1"
  checked_yaml:
    dependency: transitive
    description:
      name: checked_yaml
      sha256: feb6bed21949061731a7a75fc5d2aa727cf160b91af9a3e464c5e3a32e28b5ff
      url: "https://pub.dev"
    source: hosted
    version: "2.0.3"
  clock:
    dependency: transitive
    description:
      name: clock
      sha256: cb6d7f03e1de671e34607e909a7213e31d7752be4fb66a86d29fe1eb14bfb5cf
      url: "https://pub.dev"
    source: hosted
    version: "1.1.1"
  code_builder:
    dependency: transitive
    description:
      name: code_builder
      sha256: f692079e25e7869c14132d39f223f8eec9830eb76131925143b2129c4bb01b37
      url: "https://pub.dev"
    source: hosted
    version: "4.10.0"
  collection:
    dependency: transitive
    description:
      name: collection
      sha256: ee67cb0715911d28db6bf4af1026078bd6f0128b07a5f66fb2ed94ec6783c09a
      url: "https://pub.dev"
    source: hosted
    version: "1.18.0"
  convert:
    dependency: transitive
    description:
      name: convert
      sha256: "0f08b14755d163f6e2134cb58222dd25ea2a2ee8a195e53983d57c075324d592"
      url: "https://pub.dev"
    source: hosted
    version: "3.1.1"
  cron:
    dependency: transitive
    description:
      name: cron
      sha256: d98aa8cdad0cccdb6b098e6a1fb89339c180d8a229145fa4cd8c6fc538f0e35f
      url: "https://pub.dev"
    source: hosted
    version: "0.5.1"
  cross_file:
    dependency: transitive
    description:
      name: cross_file
      sha256: "7caf6a750a0c04effbb52a676dce9a4a592e10ad35c34d6d2d0e4811160d5670"
      url: "https://pub.dev"
    source: hosted
    version: "0.3.4+2"
  crypto:
    dependency: transitive
    description:
      name: crypto
      sha256: ff625774173754681d66daaf4a448684fb04b78f902da9cb3d308c19cc5e8bab
      url: "https://pub.dev"
    source: hosted
    version: "3.0.3"
  cryptography:
    dependency: transitive
    description:
      name: cryptography
      sha256: d146b76d33d94548cf035233fbc2f4338c1242fa119013bead807d033fc4ae05
      url: "https://pub.dev"
    source: hosted
    version: "2.7.0"
  crypton:
    dependency: transitive
    description:
      name: crypton
      sha256: "17b6631fbf89e389d421b46629132287ed37d601b2ad1357445826ab85022271"
      url: "https://pub.dev"
    source: hosted
    version: "2.2.1"
  cupertino_icons:
    dependency: "direct main"
    description:
      name: cupertino_icons
      sha256: ba631d1c7f7bef6b729a622b7b752645a2d076dba9976925b8f25725a30e1ee6
      url: "https://pub.dev"
    source: hosted
    version: "1.0.8"
  dart_periphery:
    dependency: transitive
    description:
      name: dart_periphery
      sha256: "03fef538e07124346ca89e214c34e505e6ff2d2766d7927cac099bae53601113"
      url: "https://pub.dev"
    source: hosted
    version: "0.9.6"
  dart_style:
    dependency: transitive
    description:
      name: dart_style
      sha256: "99e066ce75c89d6b29903d788a7bb9369cf754f7b24bf70bf4b6d6d6b26853b9"
      url: "https://pub.dev"
    source: hosted
    version: "2.3.6"
  dartssh2:
    dependency: "direct overridden"
    description:
      path: "."
      ref: trunk
      resolved-ref: "36329826504e50f3d8f18ecc3b8865f4b469cc87"
      url: "https://github.com/atsign-foundation/dartssh2"
    source: git
    version: "2.9.1-atsignfork-1"
  device_info_plus:
    dependency: transitive
    description:
      name: device_info_plus
      sha256: a7fd703482b391a87d60b6061d04dfdeab07826b96f9abd8f5ed98068acc0074
      url: "https://pub.dev"
    source: hosted
    version: "10.1.2"
  device_info_plus_platform_interface:
    dependency: transitive
    description:
      name: device_info_plus_platform_interface
      sha256: "282d3cf731045a2feb66abfe61bbc40870ae50a3ed10a4d3d217556c35c8c2ba"
      url: "https://pub.dev"
    source: hosted
    version: "7.0.1"
  ecdsa:
    dependency: transitive
    description:
      name: ecdsa
      sha256: b71687a843151255fced9fead63b09816cc59e9ae7b954e6a852bdc344ae1aca
      url: "https://pub.dev"
    source: hosted
    version: "0.1.0"
  elliptic:
    dependency: transitive
    description:
      name: elliptic
      sha256: "98e2fa89a714c649174553c823db2612dc9581814477fe1264a499d448237b6b"
      url: "https://pub.dev"
    source: hosted
    version: "0.3.10"
  encrypt:
    dependency: transitive
    description:
      name: encrypt
      sha256: "62d9aa4670cc2a8798bab89b39fc71b6dfbacf615de6cf5001fb39f7e4a996a2"
      url: "https://pub.dev"
    source: hosted
    version: "5.0.3"
  equatable:
    dependency: "direct main"
    description:
      name: equatable
      sha256: c2b87cb7756efdf69892005af546c56c0b5037f54d2a88269b4f347a505e3ca2
      url: "https://pub.dev"
    source: hosted
    version: "2.0.5"
  fake_async:
    dependency: transitive
    description:
      name: fake_async
      sha256: "511392330127add0b769b75a987850d136345d9227c6b94c96a04cf4a391bf78"
      url: "https://pub.dev"
    source: hosted
    version: "1.3.1"
  ffi:
    dependency: transitive
    description:
      name: ffi
      sha256: "493f37e7df1804778ff3a53bd691d8692ddf69702cf4c1c1096a2e41b4779e21"
      url: "https://pub.dev"
    source: hosted
    version: "2.1.2"
  file:
    dependency: transitive
    description:
      name: file
      sha256: "1b92bec4fc2a72f59a8e15af5f52cd441e4a7860b49499d69dfa817af20e925d"
      url: "https://pub.dev"
    source: hosted
    version: "6.1.4"
  file_picker:
    dependency: "direct main"
    description:
      name: file_picker
      sha256: "167bb619cdddaa10ef2907609feb8a79c16dfa479d3afaf960f8e223f754bf12"
      url: "https://pub.dev"
    source: hosted
    version: "8.1.2"
  file_selector:
    dependency: transitive
    description:
      name: file_selector
      sha256: "5019692b593455127794d5718304ff1ae15447dea286cdda9f0db2a796a1b828"
      url: "https://pub.dev"
    source: hosted
    version: "1.0.3"
  file_selector_android:
    dependency: transitive
    description:
      name: file_selector_android
      sha256: d1e8655c1a4850a900a0cfaed55fdd273881d53a4bb78e4736dc170a0b17db78
      url: "https://pub.dev"
    source: hosted
    version: "0.5.1+5"
  file_selector_ios:
    dependency: transitive
    description:
      name: file_selector_ios
      sha256: "38ebf91ecbcfa89a9639a0854ccaed8ab370c75678938eebca7d34184296f0bb"
      url: "https://pub.dev"
    source: hosted
    version: "0.5.3"
  file_selector_linux:
    dependency: transitive
    description:
      name: file_selector_linux
      sha256: "045d372bf19b02aeb69cacf8b4009555fb5f6f0b7ad8016e5f46dd1387ddd492"
      url: "https://pub.dev"
    source: hosted
    version: "0.9.2+1"
  file_selector_macos:
    dependency: transitive
    description:
      name: file_selector_macos
      sha256: f42eacb83b318e183b1ae24eead1373ab1334084404c8c16e0354f9a3e55d385
      url: "https://pub.dev"
    source: hosted
    version: "0.9.4"
  file_selector_platform_interface:
    dependency: transitive
    description:
      name: file_selector_platform_interface
      sha256: a3994c26f10378a039faa11de174d7b78eb8f79e4dd0af2a451410c1a5c3f66b
      url: "https://pub.dev"
    source: hosted
    version: "2.6.2"
  file_selector_web:
    dependency: transitive
    description:
      name: file_selector_web
      sha256: c4c0ea4224d97a60a7067eca0c8fd419e708ff830e0c83b11a48faf566cec3e7
      url: "https://pub.dev"
    source: hosted
    version: "0.9.4+2"
  file_selector_windows:
    dependency: transitive
    description:
      name: file_selector_windows
      sha256: "2ad726953f6e8affbc4df8dc78b77c3b4a060967a291e528ef72ae846c60fb69"
      url: "https://pub.dev"
    source: hosted
    version: "0.9.3+2"
  fixnum:
    dependency: transitive
    description:
      name: fixnum
      sha256: "25517a4deb0c03aa0f32fd12db525856438902d9c16536311e76cdc57b31d7d1"
      url: "https://pub.dev"
    source: hosted
    version: "1.1.0"
  flutter:
    dependency: "direct main"
    description: flutter
    source: sdk
    version: "0.0.0"
  flutter_bloc:
    dependency: "direct main"
    description:
      name: flutter_bloc
      sha256: b594505eac31a0518bdcb4b5b79573b8d9117b193cc80cc12e17d639b10aa27a
      url: "https://pub.dev"
    source: hosted
    version: "8.1.6"
  flutter_keychain:
    dependency: transitive
    description:
      name: flutter_keychain
      sha256: "0d000c0e9b3c16fdec016df406b4e89e7195bf719ed0882157400f1e16323cf8"
      url: "https://pub.dev"
    source: hosted
    version: "2.5.0"
  flutter_lints:
    dependency: "direct overridden"
    description:
      name: flutter_lints
      sha256: "3f41d009ba7172d5ff9be5f6e6e6abb4300e263aab8866d2a0842ed2a70f8f0c"
      url: "https://pub.dev"
    source: hosted
    version: "4.0.0"
  flutter_plugin_android_lifecycle:
    dependency: transitive
    description:
      name: flutter_plugin_android_lifecycle
      sha256: "9d98bd47ef9d34e803d438f17fd32b116d31009f534a6fa5ce3a1167f189a6de"
      url: "https://pub.dev"
    source: hosted
    version: "2.0.21"
  flutter_test:
    dependency: "direct dev"
    description: flutter
    source: sdk
    version: "0.0.0"
  flutter_web_plugins:
    dependency: transitive
    description: flutter
    source: sdk
    version: "0.0.0"
  frontend_server_client:
    dependency: transitive
    description:
      name: frontend_server_client
      sha256: f64a0333a82f30b0cca061bc3d143813a486dc086b574bfb233b7c1372427694
      url: "https://pub.dev"
    source: hosted
    version: "4.0.0"
  glob:
    dependency: transitive
    description:
      name: glob
      sha256: "0e7014b3b7d4dac1ca4d6114f82bf1782ee86745b9b42a92c9289c23d8a0ab63"
      url: "https://pub.dev"
    source: hosted
    version: "2.1.2"
  go_router:
    dependency: "direct main"
    description:
      name: go_router
      sha256: ddc16d34b0d74cb313986918c0f0885a7ba2fc24d8fb8419de75f0015144ccfe
      url: "https://pub.dev"
    source: hosted
    version: "14.2.3"
  graphs:
    dependency: transitive
    description:
      name: graphs
      sha256: "741bbf84165310a68ff28fe9e727332eef1407342fca52759cb21ad8177bb8d0"
      url: "https://pub.dev"
    source: hosted
    version: "2.3.2"
  hive:
    dependency: transitive
    description:
      name: hive
      sha256: "8dcf6db979d7933da8217edcec84e9df1bdb4e4edc7fc77dbd5aa74356d6d941"
      url: "https://pub.dev"
    source: hosted
    version: "2.2.3"
  http:
    dependency: transitive
    description:
      name: http
      sha256: b9c29a161230ee03d3ccf545097fccd9b87a5264228c5d348202e0f0c28f9010
      url: "https://pub.dev"
    source: hosted
    version: "1.2.2"
  http_multi_server:
    dependency: transitive
    description:
      name: http_multi_server
      sha256: "97486f20f9c2f7be8f514851703d0119c3596d14ea63227af6f7a481ef2b2f8b"
      url: "https://pub.dev"
    source: hosted
    version: "3.2.1"
  http_parser:
    dependency: transitive
    description:
      name: http_parser
      sha256: "2aa08ce0341cc9b354a498388e30986515406668dbcc4f7c950c3e715496693b"
      url: "https://pub.dev"
    source: hosted
    version: "4.0.2"
  image:
    dependency: transitive
    description:
      name: image
      sha256: "2237616a36c0d69aef7549ab439b833fb7f9fb9fc861af2cc9ac3eedddd69ca8"
      url: "https://pub.dev"
    source: hosted
    version: "4.2.0"
  internet_connection_checker:
    dependency: transitive
    description:
      name: internet_connection_checker
      sha256: "1c683e63e89c9ac66a40748b1b20889fd9804980da732bf2b58d6d5456c8e876"
      url: "https://pub.dev"
    source: hosted
    version: "1.0.0+1"
  intl:
    dependency: transitive
    description:
      name: intl
      sha256: d6f56758b7d3014a48af9701c085700aac781a92a87a62b1333b46d8879661cf
      url: "https://pub.dev"
    source: hosted
    version: "0.19.0"
  io:
    dependency: transitive
    description:
      name: io
      sha256: "2ec25704aba361659e10e3e5f5d672068d332fc8ac516421d483a11e5cbd061e"
      url: "https://pub.dev"
    source: hosted
    version: "1.0.4"
  js:
    dependency: transitive
    description:
      name: js
      sha256: f2c445dce49627136094980615a031419f7f3eb393237e4ecd97ac15dea343f3
      url: "https://pub.dev"
    source: hosted
    version: "0.6.7"
  json_annotation:
    dependency: "direct main"
    description:
      name: json_annotation
      sha256: "1ce844379ca14835a50d2f019a3099f419082cfdd231cd86a142af94dd5c6bb1"
      url: "https://pub.dev"
    source: hosted
    version: "4.9.0"
  json_serializable:
    dependency: "direct main"
    description:
      name: json_serializable
      sha256: ea1432d167339ea9b5bb153f0571d0039607a873d6e04e0117af043f14a1fd4b
      url: "https://pub.dev"
    source: hosted
    version: "6.8.0"
  leak_tracker:
    dependency: transitive
    description:
      name: leak_tracker
      sha256: "3f87a60e8c63aecc975dda1ceedbc8f24de75f09e4856ea27daf8958f2f0ce05"
      url: "https://pub.dev"
    source: hosted
    version: "10.0.5"
  leak_tracker_flutter_testing:
    dependency: transitive
    description:
      name: leak_tracker_flutter_testing
      sha256: "932549fb305594d82d7183ecd9fa93463e9914e1b67cacc34bc40906594a1806"
      url: "https://pub.dev"
    source: hosted
    version: "3.0.5"
  leak_tracker_testing:
    dependency: transitive
    description:
      name: leak_tracker_testing
      sha256: "6ba465d5d76e67ddf503e1161d1f4a6bc42306f9d66ca1e8f079a47290fb06d3"
      url: "https://pub.dev"
    source: hosted
    version: "3.0.1"
  lints:
    dependency: transitive
    description:
      name: lints
      sha256: "976c774dd944a42e83e2467f4cc670daef7eed6295b10b36ae8c85bcbf828235"
      url: "https://pub.dev"
    source: hosted
    version: "4.0.0"
  logging:
    dependency: transitive
    description:
      name: logging
      sha256: "623a88c9594aa774443aa3eb2d41807a48486b5613e67599fb4c41c0ad47c340"
      url: "https://pub.dev"
    source: hosted
    version: "1.2.0"
  macros:
    dependency: transitive
    description:
      name: macros
      sha256: "0acaed5d6b7eab89f63350bccd82119e6c602df0f391260d0e32b5e23db79536"
      url: "https://pub.dev"
    source: hosted
    version: "0.1.2-main.4"
  matcher:
    dependency: transitive
    description:
      name: matcher
      sha256: d2323aa2060500f906aa31a895b4030b6da3ebdcc5619d14ce1aada65cd161cb
      url: "https://pub.dev"
    source: hosted
    version: "0.12.16+1"
  material_color_utilities:
    dependency: transitive
    description:
      name: material_color_utilities
      sha256: f7142bb1154231d7ea5f96bc7bde4bda2a0945d2806bb11670e30b850d56bdec
      url: "https://pub.dev"
    source: hosted
    version: "0.11.1"
  menu_base:
    dependency: transitive
    description:
      name: menu_base
      sha256: "820368014a171bd1241030278e6c2617354f492f5c703d7b7d4570a6b8b84405"
      url: "https://pub.dev"
    source: hosted
    version: "0.1.1"
  meta:
    dependency: "direct main"
    description:
      name: meta
      sha256: bdb68674043280c3428e9ec998512fb681678676b3c54e773629ffe74419f8c7
      url: "https://pub.dev"
    source: hosted
    version: "1.15.0"
  mime:
    dependency: transitive
    description:
      name: mime
      sha256: "2e123074287cc9fd6c09de8336dae606d1ddb88d9ac47358826db698c176a1f2"
      url: "https://pub.dev"
    source: hosted
    version: "1.0.5"
  mutex:
    dependency: transitive
    description:
      name: mutex
      sha256: "8827da25de792088eb33e572115a5eb0d61d61a3c01acbc8bcbe76ed78f1a1f2"
      url: "https://pub.dev"
    source: hosted
    version: "3.1.0"
  nested:
    dependency: transitive
    description:
      name: nested
      sha256: "03bac4c528c64c95c722ec99280375a6f2fc708eec17c7b3f07253b626cd2a20"
      url: "https://pub.dev"
    source: hosted
    version: "1.0.0"
  ninja_asn1:
    dependency: transitive
    description:
      name: ninja_asn1
      sha256: b0f04877243fda51c475ec2bcaadb55a92759baee9f02888124c60775760ccf7
      url: "https://pub.dev"
    source: hosted
    version: "2.0.0"
  noports_core:
    dependency: "direct main"
    description:
      path: "../noports_core"
      relative: true
    source: path
    version: "6.1.0"
  openssh_ed25519:
    dependency: transitive
    description:
      name: openssh_ed25519
      sha256: eb65bfb9158c05c294d653f639bb9b4b18aca6dfd010986e4f325e439a93655f
      url: "https://pub.dev"
    source: hosted
    version: "1.1.0"
  package_config:
    dependency: transitive
    description:
      name: package_config
      sha256: "1c5b77ccc91e4823a5af61ee74e6b972db1ef98c2ff5a18d3161c982a55448bd"
      url: "https://pub.dev"
    source: hosted
    version: "2.1.0"
  package_info_plus:
    dependency: transitive
    description:
      name: package_info_plus
      sha256: a75164ade98cb7d24cfd0a13c6408927c6b217fa60dee5a7ff5c116a58f28918
      url: "https://pub.dev"
    source: hosted
    version: "8.0.2"
  package_info_plus_platform_interface:
    dependency: transitive
    description:
      name: package_info_plus_platform_interface
      sha256: ac1f4a4847f1ade8e6a87d1f39f5d7c67490738642e2542f559ec38c37489a66
      url: "https://pub.dev"
    source: hosted
    version: "3.0.1"
  path:
    dependency: transitive
    description:
      name: path
      sha256: "087ce49c3f0dc39180befefc60fdb4acd8f8620e5682fe2476afd0b3688bb4af"
      url: "https://pub.dev"
    source: hosted
    version: "1.9.0"
  path_provider:
    dependency: "direct main"
    description:
      name: path_provider
      sha256: fec0d61223fba3154d87759e3cc27fe2c8dc498f6386c6d6fc80d1afdd1bf378
      url: "https://pub.dev"
    source: hosted
    version: "2.1.4"
  path_provider_android:
    dependency: transitive
    description:
      name: path_provider_android
      sha256: "490539678396d4c3c0b06efdaab75ae60675c3e0c66f72bc04c2e2c1e0e2abeb"
      url: "https://pub.dev"
    source: hosted
    version: "2.2.9"
  path_provider_foundation:
    dependency: transitive
    description:
      name: path_provider_foundation
      sha256: f234384a3fdd67f989b4d54a5d73ca2a6c422fa55ae694381ae0f4375cd1ea16
      url: "https://pub.dev"
    source: hosted
    version: "2.4.0"
  path_provider_linux:
    dependency: transitive
    description:
      name: path_provider_linux
      sha256: f7a1fe3a634fe7734c8d3f2766ad746ae2a2884abe22e241a8b301bf5cac3279
      url: "https://pub.dev"
    source: hosted
    version: "2.2.1"
  path_provider_platform_interface:
    dependency: transitive
    description:
      name: path_provider_platform_interface
      sha256: "88f5779f72ba699763fa3a3b06aa4bf6de76c8e5de842cf6f29e2e06476c2334"
      url: "https://pub.dev"
    source: hosted
    version: "2.1.2"
  path_provider_windows:
    dependency: transitive
    description:
      name: path_provider_windows
      sha256: bd6f00dbd873bfb70d0761682da2b3a2c2fccc2b9e84c495821639601d81afe7
      url: "https://pub.dev"
    source: hosted
    version: "2.3.0"
  permission_handler:
    dependency: transitive
    description:
      name: permission_handler
      sha256: "18bf33f7fefbd812f37e72091a15575e72d5318854877e0e4035a24ac1113ecb"
      url: "https://pub.dev"
    source: hosted
    version: "11.3.1"
  permission_handler_android:
    dependency: transitive
    description:
      name: permission_handler_android
      sha256: eaf2a1ec4472775451e88ca6a7b86559ef2f1d1ed903942ed135e38ea0097dca
      url: "https://pub.dev"
    source: hosted
    version: "12.0.8"
  permission_handler_apple:
    dependency: transitive
    description:
      name: permission_handler_apple
      sha256: e6f6d73b12438ef13e648c4ae56bd106ec60d17e90a59c4545db6781229082a0
      url: "https://pub.dev"
    source: hosted
    version: "9.4.5"
  permission_handler_html:
    dependency: transitive
    description:
      name: permission_handler_html
      sha256: "54bf176b90f6eddd4ece307e2c06cf977fb3973719c35a93b85cc7093eb6070d"
      url: "https://pub.dev"
    source: hosted
    version: "0.1.1"
  permission_handler_platform_interface:
    dependency: transitive
    description:
      name: permission_handler_platform_interface
      sha256: fe0ffe274d665be8e34f9c59705441a7d248edebbe5d9e3ec2665f88b79358ea
      url: "https://pub.dev"
    source: hosted
    version: "4.2.2"
  permission_handler_windows:
    dependency: transitive
    description:
      name: permission_handler_windows
      sha256: "1a790728016f79a41216d88672dbc5df30e686e811ad4e698bfc51f76ad91f1e"
      url: "https://pub.dev"
    source: hosted
    version: "0.2.1"
  petitparser:
    dependency: transitive
    description:
      name: petitparser
      sha256: c15605cd28af66339f8eb6fbe0e541bfe2d1b72d5825efc6598f3e0a31b9ad27
      url: "https://pub.dev"
    source: hosted
    version: "6.0.2"
  pin_code_fields:
    dependency: transitive
    description:
      name: pin_code_fields
      sha256: "4c0db7fbc889e622e7c71ea54b9ee624bb70c7365b532abea0271b17ea75b729"
      url: "https://pub.dev"
    source: hosted
    version: "8.0.1"
  pinenacl:
    dependency: transitive
    description:
      name: pinenacl
      sha256: "57e907beaacbc3c024a098910b6240758e899674de07d6949a67b52fd984cbdf"
      url: "https://pub.dev"
    source: hosted
    version: "0.6.0"
  platform:
    dependency: transitive
    description:
      name: platform
      sha256: "9b71283fc13df574056616011fb138fd3b793ea47cc509c189a6c3fa5f8a1a65"
      url: "https://pub.dev"
    source: hosted
    version: "3.1.5"
  plugin_platform_interface:
    dependency: transitive
    description:
      name: plugin_platform_interface
      sha256: "4820fbfdb9478b1ebae27888254d445073732dae3d6ea81f0b7e06d5dedc3f02"
      url: "https://pub.dev"
    source: hosted
    version: "2.1.8"
  pointycastle:
    dependency: transitive
    description:
      name: pointycastle
      sha256: "4be0097fcf3fd3e8449e53730c631200ebc7b88016acecab2b0da2f0149222fe"
      url: "https://pub.dev"
    source: hosted
    version: "3.9.1"
  pool:
    dependency: transitive
    description:
      name: pool
      sha256: "20fe868b6314b322ea036ba325e6fc0711a22948856475e2c2b6306e8ab39c2a"
      url: "https://pub.dev"
    source: hosted
    version: "1.5.1"
  posix:
    dependency: transitive
    description:
      name: posix
      sha256: a0117dc2167805aa9125b82eee515cc891819bac2f538c83646d355b16f58b9a
      url: "https://pub.dev"
    source: hosted
    version: "6.0.1"
  process:
    dependency: transitive
    description:
      name: process
      sha256: "21e54fd2faf1b5bdd5102afd25012184a6793927648ea81eea80552ac9405b32"
      url: "https://pub.dev"
    source: hosted
    version: "5.0.2"
  provider:
    dependency: transitive
    description:
      name: provider
      sha256: c8a055ee5ce3fd98d6fc872478b03823ffdb448699c6ebdbbc71d59b596fd48c
      url: "https://pub.dev"
    source: hosted
    version: "6.1.2"
  pub_semver:
    dependency: transitive
    description:
      name: pub_semver
      sha256: "40d3ab1bbd474c4c2328c91e3a7df8c6dd629b79ece4c4bd04bee496a224fb0c"
      url: "https://pub.dev"
    source: hosted
    version: "2.1.4"
  pubspec_parse:
    dependency: transitive
    description:
      name: pubspec_parse
      sha256: c799b721d79eb6ee6fa56f00c04b472dcd44a30d258fac2174a6ec57302678f8
      url: "https://pub.dev"
    source: hosted
    version: "1.3.0"
  qr_code_scanner:
    dependency: transitive
    description:
      name: qr_code_scanner
      sha256: f23b68d893505a424f0bd2e324ebea71ed88465d572d26bb8d2e78a4749591fd
      url: "https://pub.dev"
    source: hosted
    version: "1.0.1"
  screen_retriever:
    dependency: transitive
    description:
      name: screen_retriever
      sha256: "6ee02c8a1158e6dae7ca430da79436e3b1c9563c8cf02f524af997c201ac2b90"
      url: "https://pub.dev"
    source: hosted
    version: "0.1.9"
  share_plus:
    dependency: transitive
    description:
      name: share_plus
      sha256: "38658034f9f3c29f3b37ab0068db15caea9df2dd70d83e99300991a0d756c2a6"
      url: "https://pub.dev"
    source: hosted
    version: "10.0.1"
  share_plus_platform_interface:
    dependency: transitive
    description:
      name: share_plus_platform_interface
      sha256: "6ababf341050edff57da8b6990f11f4e99eaba837865e2e6defe16d039619db5"
      url: "https://pub.dev"
    source: hosted
    version: "5.0.0"
  shared_preferences:
    dependency: transitive
    description:
      name: shared_preferences
      sha256: c272f9cabca5a81adc9b0894381e9c1def363e980f960fa903c604c471b22f68
      url: "https://pub.dev"
    source: hosted
    version: "2.3.1"
  shared_preferences_android:
    dependency: transitive
    description:
      name: shared_preferences_android
      sha256: a7e8467e9181cef109f601e3f65765685786c1a738a83d7fbbde377589c0d974
      url: "https://pub.dev"
    source: hosted
    version: "2.3.1"
  shared_preferences_foundation:
    dependency: transitive
    description:
      name: shared_preferences_foundation
      sha256: "776786cff96324851b656777648f36ac772d88bc4c669acff97b7fce5de3c849"
      url: "https://pub.dev"
    source: hosted
    version: "2.5.1"
  shared_preferences_linux:
    dependency: transitive
    description:
      name: shared_preferences_linux
      sha256: "580abfd40f415611503cae30adf626e6656dfb2f0cee8f465ece7b6defb40f2f"
      url: "https://pub.dev"
    source: hosted
    version: "2.4.1"
  shared_preferences_platform_interface:
    dependency: transitive
    description:
      name: shared_preferences_platform_interface
      sha256: "57cbf196c486bc2cf1f02b85784932c6094376284b3ad5779d1b1c6c6a816b80"
      url: "https://pub.dev"
    source: hosted
    version: "2.4.1"
  shared_preferences_web:
    dependency: transitive
    description:
      name: shared_preferences_web
      sha256: d2ca4132d3946fec2184261726b355836a82c33d7d5b67af32692aff18a4684e
      url: "https://pub.dev"
    source: hosted
    version: "2.4.2"
  shared_preferences_windows:
    dependency: transitive
    description:
      name: shared_preferences_windows
      sha256: "94ef0f72b2d71bc3e700e025db3710911bd51a71cefb65cc609dd0d9a982e3c1"
      url: "https://pub.dev"
    source: hosted
    version: "2.4.1"
  shelf:
    dependency: transitive
    description:
      name: shelf
      sha256: ad29c505aee705f41a4d8963641f91ac4cee3c8fad5947e033390a7bd8180fa4
      url: "https://pub.dev"
    source: hosted
    version: "1.4.1"
  shelf_web_socket:
    dependency: transitive
    description:
      name: shelf_web_socket
      sha256: "073c147238594ecd0d193f3456a5fe91c4b0abbcc68bf5cd95b36c4e194ac611"
      url: "https://pub.dev"
    source: hosted
    version: "2.0.0"
  shortid:
    dependency: transitive
    description:
      name: shortid
      sha256: d0b40e3dbb50497dad107e19c54ca7de0d1a274eb9b4404991e443dadb9ebedb
      url: "https://pub.dev"
    source: hosted
    version: "0.1.2"
  showcaseview:
    dependency: transitive
    description:
      name: showcaseview
      sha256: f236c1f44b286e1ba888f8701adca067af92c33e29ea937d0fe9b4a29d4cd41e
      url: "https://pub.dev"
    source: hosted
    version: "3.0.0"
  sky_engine:
    dependency: transitive
    description: flutter
    source: sdk
    version: "0.0.99"
  socket_connector:
    dependency: "direct main"
    description:
      name: socket_connector
      sha256: "3c641546699aa58e9ab8be9841627a30af3c1ffcf4461ca5d00d7c56392ab63a"
      url: "https://pub.dev"
    source: hosted
    version: "2.2.0"
  source_gen:
    dependency: transitive
    description:
      name: source_gen
      sha256: "14658ba5f669685cd3d63701d01b31ea748310f7ab854e471962670abcf57832"
      url: "https://pub.dev"
    source: hosted
    version: "1.5.0"
  source_helper:
    dependency: transitive
    description:
      name: source_helper
      sha256: "6adebc0006c37dd63fe05bca0a929b99f06402fc95aa35bf36d67f5c06de01fd"
      url: "https://pub.dev"
    source: hosted
    version: "1.3.4"
  source_span:
    dependency: transitive
    description:
      name: source_span
      sha256: "53e943d4206a5e30df338fd4c6e7a077e02254531b138a15aec3bd143c1a8b3c"
      url: "https://pub.dev"
    source: hosted
    version: "1.10.0"
  stack_trace:
    dependency: transitive
    description:
      name: stack_trace
      sha256: "73713990125a6d93122541237550ee3352a2d84baad52d375a4cad2eb9b7ce0b"
      url: "https://pub.dev"
    source: hosted
    version: "1.11.1"
  stream_channel:
    dependency: transitive
    description:
      name: stream_channel
      sha256: ba2aa5d8cc609d96bbb2899c28934f9e1af5cddbd60a827822ea467161eb54e7
      url: "https://pub.dev"
    source: hosted
    version: "2.1.2"
  stream_transform:
    dependency: transitive
    description:
      name: stream_transform
      sha256: "14a00e794c7c11aa145a170587321aedce29769c08d7f58b1d141da75e3b1c6f"
      url: "https://pub.dev"
    source: hosted
    version: "2.1.0"
  string_scanner:
    dependency: transitive
    description:
      name: string_scanner
      sha256: "556692adab6cfa87322a115640c11f13cb77b3f076ddcc5d6ae3c20242bedcde"
      url: "https://pub.dev"
    source: hosted
    version: "1.2.0"
  term_glyph:
    dependency: transitive
    description:
      name: term_glyph
      sha256: a29248a84fbb7c79282b40b8c72a1209db169a2e0542bce341da992fe1bc7e84
      url: "https://pub.dev"
    source: hosted
    version: "1.2.1"
  test_api:
    dependency: transitive
    description:
      name: test_api
      sha256: "5b8a98dafc4d5c4c9c72d8b31ab2b23fc13422348d2997120294d3bac86b4ddb"
      url: "https://pub.dev"
    source: hosted
    version: "0.7.2"
  timing:
    dependency: transitive
    description:
      name: timing
      sha256: "70a3b636575d4163c477e6de42f247a23b315ae20e86442bebe32d3cabf61c32"
      url: "https://pub.dev"
    source: hosted
    version: "1.0.1"
  toml:
    dependency: "direct main"
    description:
      name: toml
      sha256: d968d149c8bd06dc14e09ea3a140f90a3f2ba71949e7a91df4a46f3107400e71
      url: "https://pub.dev"
    source: hosted
    version: "0.16.0"
  tray_manager:
    dependency: "direct main"
    description:
      name: tray_manager
      sha256: c9a63fd88bd3546287a7eb8ccc978d707eef82c775397af17dda3a4f4c039e64
      url: "https://pub.dev"
    source: hosted
    version: "0.2.3"
  tutorial_coach_mark:
    dependency: transitive
    description:
      name: tutorial_coach_mark
      sha256: "1f1fd234790afb929dec7391a4d90aa54ffe8c8e4d278d9283df8e3f5ac5d63e"
      url: "https://pub.dev"
    source: hosted
    version: "1.2.11"
  typed_data:
    dependency: transitive
    description:
      name: typed_data
      sha256: facc8d6582f16042dd49f2463ff1bd6e2c9ef9f3d5da3d9b087e244a7b564b3c
      url: "https://pub.dev"
    source: hosted
    version: "1.3.2"
  url_launcher:
    dependency: transitive
    description:
      name: url_launcher
      sha256: "21b704ce5fa560ea9f3b525b43601c678728ba46725bab9b01187b4831377ed3"
      url: "https://pub.dev"
    source: hosted
    version: "6.3.0"
  url_launcher_android:
    dependency: transitive
    description:
      name: url_launcher_android
      sha256: "94d8ad05f44c6d4e2ffe5567ab4d741b82d62e3c8e288cc1fcea45965edf47c9"
      url: "https://pub.dev"
    source: hosted
    version: "6.3.8"
  url_launcher_ios:
    dependency: transitive
    description:
      name: url_launcher_ios
      sha256: e43b677296fadce447e987a2f519dcf5f6d1e527dc35d01ffab4fff5b8a7063e
      url: "https://pub.dev"
    source: hosted
    version: "6.3.1"
  url_launcher_linux:
    dependency: transitive
    description:
      name: url_launcher_linux
      sha256: e2b9622b4007f97f504cd64c0128309dfb978ae66adbe944125ed9e1750f06af
      url: "https://pub.dev"
    source: hosted
    version: "3.2.0"
  url_launcher_macos:
    dependency: transitive
    description:
      name: url_launcher_macos
      sha256: "9a1a42d5d2d95400c795b2914c36fdcb525870c752569438e4ebb09a2b5d90de"
      url: "https://pub.dev"
    source: hosted
    version: "3.2.0"
  url_launcher_platform_interface:
    dependency: transitive
    description:
      name: url_launcher_platform_interface
      sha256: "552f8a1e663569be95a8190206a38187b531910283c3e982193e4f2733f01029"
      url: "https://pub.dev"
    source: hosted
    version: "2.3.2"
  url_launcher_web:
    dependency: transitive
    description:
      name: url_launcher_web
      sha256: "772638d3b34c779ede05ba3d38af34657a05ac55b06279ea6edd409e323dca8e"
      url: "https://pub.dev"
    source: hosted
    version: "2.3.3"
  url_launcher_windows:
    dependency: transitive
    description:
      name: url_launcher_windows
      sha256: "49c10f879746271804767cb45551ec5592cdab00ee105c06dddde1a98f73b185"
      url: "https://pub.dev"
    source: hosted
    version: "3.1.2"
  uuid:
    dependency: "direct main"
    description:
      name: uuid
      sha256: "648e103079f7c64a36dc7d39369cabb358d377078a051d6ae2ad3aa539519313"
      url: "https://pub.dev"
    source: hosted
    version: "3.0.7"
  vector_math:
    dependency: transitive
    description:
      name: vector_math
      sha256: "80b3257d1492ce4d091729e3a67a60407d227c27241d6927be0130c98e741803"
      url: "https://pub.dev"
    source: hosted
    version: "2.1.4"
  version:
    dependency: transitive
    description:
      name: version
      sha256: "3d4140128e6ea10d83da32fef2fa4003fccbf6852217bb854845802f04191f94"
      url: "https://pub.dev"
    source: hosted
    version: "3.0.2"
  vm_service:
    dependency: transitive
    description:
      name: vm_service
      sha256: f652077d0bdf60abe4c1f6377448e8655008eef28f128bc023f7b5e8dfeb48fc
      url: "https://pub.dev"
    source: hosted
    version: "14.2.4"
  watcher:
    dependency: transitive
    description:
      name: watcher
      sha256: "3d2ad6751b3c16cf07c7fca317a1413b3f26530319181b37e3b9039b84fc01d8"
      url: "https://pub.dev"
    source: hosted
    version: "1.1.0"
  web:
    dependency: transitive
    description:
      name: web
      sha256: d43c1d6b787bf0afad444700ae7f4db8827f701bc61c255ac8d328c6f4d52062
      url: "https://pub.dev"
    source: hosted
    version: "1.0.0"
  web_socket:
    dependency: transitive
    description:
      name: web_socket
      sha256: "3c12d96c0c9a4eec095246debcea7b86c0324f22df69893d538fcc6f1b8cce83"
      url: "https://pub.dev"
    source: hosted
    version: "0.1.6"
  web_socket_channel:
    dependency: transitive
    description:
      name: web_socket_channel
      sha256: "9f187088ed104edd8662ca07af4b124465893caf063ba29758f97af57e61da8f"
      url: "https://pub.dev"
    source: hosted
    version: "3.0.1"
  webview_flutter:
    dependency: transitive
    description:
      name: webview_flutter
      sha256: "6869c8786d179f929144b4a1f86e09ac0eddfe475984951ea6c634774c16b522"
      url: "https://pub.dev"
    source: hosted
    version: "4.8.0"
  webview_flutter_android:
    dependency: transitive
    description:
      name: webview_flutter_android
      sha256: c66651fba15f9d7ddd31daec42da8d6bce46c85610a7127e3ebcb39a4395c3c9
      url: "https://pub.dev"
    source: hosted
    version: "3.16.6"
  webview_flutter_platform_interface:
    dependency: transitive
    description:
      name: webview_flutter_platform_interface
      sha256: d937581d6e558908d7ae3dc1989c4f87b786891ab47bb9df7de548a151779d8d
      url: "https://pub.dev"
    source: hosted
    version: "2.10.0"
  webview_flutter_wkwebview:
    dependency: transitive
    description:
      name: webview_flutter_wkwebview
      sha256: "9c62cc46fa4f2d41e10ab81014c1de470a6c6f26051a2de32111b2ee55287feb"
      url: "https://pub.dev"
    source: hosted
    version: "3.14.0"
  win32:
    dependency: transitive
    description:
      name: win32
      sha256: "015002c060f1ae9f41a818f2d5640389cc05283e368be19dc8d77cecb43c40c9"
      url: "https://pub.dev"
    source: hosted
    version: "5.5.3"
  win32_registry:
    dependency: transitive
    description:
      name: win32_registry
      sha256: "723b7f851e5724c55409bb3d5a32b203b3afe8587eaf5dafb93a5fed8ecda0d6"
      url: "https://pub.dev"
    source: hosted
    version: "1.1.4"
  window_manager:
    dependency: "direct main"
    description:
      name: window_manager
      sha256: ab8b2a7f97543d3db2b506c9d875e637149d48ee0c6a5cb5f5fd6e0dac463792
      url: "https://pub.dev"
    source: hosted
    version: "0.4.2"
  xdg_directories:
    dependency: transitive
    description:
      name: xdg_directories
      sha256: faea9dee56b520b55a566385b84f2e8de55e7496104adada9962e0bd11bcff1d
      url: "https://pub.dev"
    source: hosted
    version: "1.0.4"
  xml:
    dependency: transitive
    description:
      name: xml
      sha256: b015a8ad1c488f66851d762d3090a21c600e479dc75e68328c52774040cf9226
      url: "https://pub.dev"
    source: hosted
    version: "6.5.0"
  yaml:
    dependency: "direct main"
    description:
      name: yaml
      sha256: "75769501ea3489fca56601ff33454fe45507ea3bfb014161abc3b43ae25989d5"
      url: "https://pub.dev"
    source: hosted
    version: "3.1.2"
  yaml_writer:
    dependency: "direct main"
    description:
      name: yaml_writer
      sha256: f182931a598f9a3fd29ff528f0caab98fffa713583e30c12c7a27ce0b66c1308
      url: "https://pub.dev"
    source: hosted
    version: "2.0.0"
  zxing2:
    dependency: transitive
    description:
      name: zxing2
      sha256: "6cf995abd3c86f01ba882968dedffa7bc130185e382f2300239d2e857fc7912c"
      url: "https://pub.dev"
    source: hosted
    version: "0.2.3"
sdks:
  dart: ">=3.5.0 <4.0.0"
  flutter: ">=3.22.0"
