# Generated by pub
# See https://dart.dev/tools/pub/glossary#lockfile
packages:
  args:
    dependency: transitive
    description:
      name: args
      sha256: eef6c46b622e0494a36c5a12d10d77fb4e855501a91c1b9ef9339326e58f0596
      url: "https://pub.dev"
    source: hosted
    version: "2.4.2"
  chalkdart:
    dependency: transitive
    description:
      name: chalkdart
      sha256: "0b7ec5c6a6bafd1445500632c00c573722bd7736e491675d4ac3fe560bbd9cfe"
      url: "https://pub.dev"
    source: hosted
    version: "2.2.1"
  socket_connector:
    dependency: "direct main"
    description:
      name: socket_connector
      sha256: "7a063478d8a191447c297d480bf344179b239c52063f13f47d71acbaf4941064"
      url: "https://pub.dev"
    source: hosted
    version: "2.0.1"
sdks:
  dart: ">=3.2.0 <4.0.0"
